{
  "version": 4,
  "terraform_version": "1.4.2",
  "serial": 94,
  "lineage": "f7eeaa8e-689e-d644-bead-ba67c2abfcd6",
  "outputs": {
    "codebuild_arn": {
      "value": [
        "arn:aws:codebuild:ap-southeast-2:459103101106:project/Data-preparation-pipeline-validate",
        "arn:aws:codebuild:ap-southeast-2:459103101106:project/Data-preparation-pipeline-plan",
        "arn:aws:codebuild:ap-southeast-2:459103101106:project/Data-preparation-pipeline-apply",
        "arn:aws:codebuild:ap-southeast-2:459103101106:project/Data-preparation-pipeline-destroy"
      ],
      "type": [
        "tuple",
        [
          "string",
          "string",
          "string",
          "string"
        ]
      ]
    },
    "codebuild_name": {
      "value": [
        "Data-preparation-pipeline-validate",
        "Data-preparation-pipeline-plan",
        "Data-preparation-pipeline-apply",
        "Data-preparation-pipeline-destroy"
      ],
      "type": [
        "tuple",
        [
          "string",
          "string",
          "string",
          "string"
        ]
      ]
    },
    "codecommit_arn": {
      "value": "arn:aws:codecommit:ap-southeast-2:459103101106:Data-preparation-pipeline",
      "type": "string"
    },
    "codecommit_name": {
      "value": "Data-preparation-pipeline",
      "type": "string"
    },
    "codecommit_url": {
      "value": "https://git-codecommit.ap-southeast-2.amazonaws.com/v1/repos/Data-preparation-pipeline",
      "type": "string"
    },
    "codepipeline_arn": {
      "value": "arn:aws:codepipeline:ap-southeast-2:459103101106:Data-preparation-pipeline_pipeline",
      "type": "string"
    },
    "codepipeline_name": {
      "value": "Data-preparation-pipeline_pipeline",
      "type": "string"
    },
    "iam_arn": {
      "value": "arn:aws:iam::459103101106:role/codepipeline-role",
      "type": "string"
    },
    "kms_arn": {
      "value": "arn:aws:kms:ap-southeast-2:459103101106:key/e67e8422-cc64-451f-92d4-2e4bed6408ce",
      "type": "string"
    },
    "s3_arn": {
      "value": "arn:aws:s3:::data-preparation-pipeline20230402080305344300000003",
      "type": "string"
    },
    "s3_bucket_name": {
      "value": "data-preparation-pipeline20230402080305344300000003",
      "type": "string"
    }
  },
  "resources": [
    {
      "mode": "data",
      "type": "aws_caller_identity",
      "name": "current",
      "provider": "provider[\"registry.terraform.io/hashicorp/aws\"]",
      "instances": [
        {
          "schema_version": 0,
          "attributes": {
            "account_id": "459103101106",
            "arn": "arn:aws:iam::459103101106:user/gundalai-batkhuu",
            "id": "459103101106",
            "user_id": "AIDAWVZFNMCZJU3WZS35E"
          },
          "sensitive_attributes": []
        }
      ]
    },
    {
      "mode": "data",
      "type": "aws_region",
      "name": "current",
      "provider": "provider[\"registry.terraform.io/hashicorp/aws\"]",
      "instances": [
        {
          "schema_version": 0,
          "attributes": {
            "description": "Asia Pacific (Sydney)",
            "endpoint": "ec2.ap-southeast-2.amazonaws.com",
            "id": "ap-southeast-2",
            "name": "ap-southeast-2"
          },
          "sensitive_attributes": []
        }
      ]
    },
    {
      "module": "module.codebuild_terraform",
      "mode": "managed",
      "type": "aws_codebuild_project",
      "name": "terraform_codebuild_project",
      "provider": "provider[\"registry.terraform.io/hashicorp/aws\"]",
      "instances": [
        {
          "index_key": 0,
          "schema_version": 0,
          "attributes": {
            "arn": "arn:aws:codebuild:ap-southeast-2:459103101106:project/Data-preparation-pipeline-validate",
            "artifacts": [
              {
                "artifact_identifier": "",
                "bucket_owner_access": "",
                "encryption_disabled": false,
                "location": "",
                "name": "Data-preparation-pipeline-validate",
                "namespace_type": "",
                "override_artifact_name": false,
                "packaging": "NONE",
                "path": "",
                "type": "CODEPIPELINE"
              }
            ],
            "badge_enabled": false,
            "badge_url": "",
            "build_batch_config": [],
            "build_timeout": 60,
            "cache": [
              {
                "location": "",
                "modes": [],
                "type": "NO_CACHE"
              }
            ],
            "concurrent_build_limit": 0,
            "description": "",
            "encryption_key": "arn:aws:kms:ap-southeast-2:459103101106:key/e67e8422-cc64-451f-92d4-2e4bed6408ce",
            "environment": [
              {
                "certificate": "",
                "compute_type": "BUILD_GENERAL1_SMALL",
                "environment_variable": [],
                "image": "aws/codebuild/amazonlinux2-x86_64-standard:3.0",
                "image_pull_credentials_type": "CODEBUILD",
                "privileged_mode": true,
                "registry_credential": [],
                "type": "LINUX_CONTAINER"
              }
            ],
            "file_system_locations": [],
            "id": "arn:aws:codebuild:ap-southeast-2:459103101106:project/Data-preparation-pipeline-validate",
            "logs_config": [
              {
                "cloudwatch_logs": [
                  {
                    "group_name": "",
                    "status": "ENABLED",
                    "stream_name": ""
                  }
                ],
                "s3_logs": [
                  {
                    "bucket_owner_access": "",
                    "encryption_disabled": false,
                    "location": "",
                    "status": "DISABLED"
                  }
                ]
              }
            ],
            "name": "Data-preparation-pipeline-validate",
            "project_visibility": "PRIVATE",
            "public_project_alias": "",
            "queued_timeout": 480,
            "resource_access_role": "",
            "secondary_artifacts": [],
            "secondary_source_version": [],
            "secondary_sources": [],
            "service_role": "arn:aws:iam::459103101106:role/codepipeline-role",
            "source": [
              {
                "auth": [],
                "build_status_config": [],
                "buildspec": "./templates/buildspec_validate.yml",
                "git_clone_depth": 0,
                "git_submodules_config": [],
                "insecure_ssl": false,
                "location": "",
                "report_build_status": false,
                "type": "CODEPIPELINE"
              }
            ],
            "source_version": "",
            "tags": {
              "Account_ID": "459103101106",
              "Environment": "dev",
              "Project_Name": "Data-preparation-pipeline",
              "Region": "ap-southeast-2"
            },
            "tags_all": {
              "Account_ID": "459103101106",
              "Environment": "dev",
              "Project_Name": "Data-preparation-pipeline",
              "Region": "ap-southeast-2"
            },
            "vpc_config": []
          },
          "sensitive_attributes": [],
          "private": "bnVsbA==",
          "dependencies": [
            "data.aws_caller_identity.current",
            "data.aws_region.current",
            "module.codepipeline_iam_role.aws_iam_role.codepipeline_role",
            "module.codepipeline_kms.aws_kms_key.encryption_key",
            "module.codepipeline_kms.data.aws_caller_identity.current",
            "module.codepipeline_kms.data.aws_iam_policy_document.kms_key_policy_doc",
            "module.source_repo.aws_codecommit_approval_rule_template.source_repository_approval",
            "module.source_repo.aws_codecommit_approval_rule_template_association.source_repository_approval_association",
            "module.source_repo.aws_codecommit_repository.Data-preparation-pipeline"
          ]
        },
        {
          "index_key": 1,
          "schema_version": 0,
          "attributes": {
            "arn": "arn:aws:codebuild:ap-southeast-2:459103101106:project/Data-preparation-pipeline-plan",
            "artifacts": [
              {
                "artifact_identifier": "",
                "bucket_owner_access": "",
                "encryption_disabled": false,
                "location": "",
                "name": "Data-preparation-pipeline-plan",
                "namespace_type": "",
                "override_artifact_name": false,
                "packaging": "NONE",
                "path": "",
                "type": "CODEPIPELINE"
              }
            ],
            "badge_enabled": false,
            "badge_url": "",
            "build_batch_config": [],
            "build_timeout": 60,
            "cache": [
              {
                "location": "",
                "modes": [],
                "type": "NO_CACHE"
              }
            ],
            "concurrent_build_limit": 0,
            "description": "",
            "encryption_key": "arn:aws:kms:ap-southeast-2:459103101106:key/e67e8422-cc64-451f-92d4-2e4bed6408ce",
            "environment": [
              {
                "certificate": "",
                "compute_type": "BUILD_GENERAL1_SMALL",
                "environment_variable": [],
                "image": "aws/codebuild/amazonlinux2-x86_64-standard:3.0",
                "image_pull_credentials_type": "CODEBUILD",
                "privileged_mode": true,
                "registry_credential": [],
                "type": "LINUX_CONTAINER"
              }
            ],
            "file_system_locations": [],
            "id": "arn:aws:codebuild:ap-southeast-2:459103101106:project/Data-preparation-pipeline-plan",
            "logs_config": [
              {
                "cloudwatch_logs": [
                  {
                    "group_name": "",
                    "status": "ENABLED",
                    "stream_name": ""
                  }
                ],
                "s3_logs": [
                  {
                    "bucket_owner_access": "",
                    "encryption_disabled": false,
                    "location": "",
                    "status": "DISABLED"
                  }
                ]
              }
            ],
            "name": "Data-preparation-pipeline-plan",
            "project_visibility": "PRIVATE",
            "public_project_alias": "",
            "queued_timeout": 480,
            "resource_access_role": "",
            "secondary_artifacts": [],
            "secondary_source_version": [],
            "secondary_sources": [],
            "service_role": "arn:aws:iam::459103101106:role/codepipeline-role",
            "source": [
              {
                "auth": [],
                "build_status_config": [],
                "buildspec": "./templates/buildspec_plan.yml",
                "git_clone_depth": 0,
                "git_submodules_config": [],
                "insecure_ssl": false,
                "location": "",
                "report_build_status": false,
                "type": "CODEPIPELINE"
              }
            ],
            "source_version": "",
            "tags": {
              "Account_ID": "459103101106",
              "Environment": "dev",
              "Project_Name": "Data-preparation-pipeline",
              "Region": "ap-southeast-2"
            },
            "tags_all": {
              "Account_ID": "459103101106",
              "Environment": "dev",
              "Project_Name": "Data-preparation-pipeline",
              "Region": "ap-southeast-2"
            },
            "vpc_config": []
          },
          "sensitive_attributes": [],
          "private": "bnVsbA==",
          "dependencies": [
            "data.aws_caller_identity.current",
            "data.aws_region.current",
            "module.codepipeline_iam_role.aws_iam_role.codepipeline_role",
            "module.codepipeline_kms.aws_kms_key.encryption_key",
            "module.codepipeline_kms.data.aws_caller_identity.current",
            "module.codepipeline_kms.data.aws_iam_policy_document.kms_key_policy_doc",
            "module.source_repo.aws_codecommit_approval_rule_template.source_repository_approval",
            "module.source_repo.aws_codecommit_approval_rule_template_association.source_repository_approval_association",
            "module.source_repo.aws_codecommit_repository.Data-preparation-pipeline"
          ]
        },
        {
          "index_key": 2,
          "schema_version": 0,
          "attributes": {
            "arn": "arn:aws:codebuild:ap-southeast-2:459103101106:project/Data-preparation-pipeline-apply",
            "artifacts": [
              {
                "artifact_identifier": "",
                "bucket_owner_access": "",
                "encryption_disabled": false,
                "location": "",
                "name": "Data-preparation-pipeline-apply",
                "namespace_type": "",
                "override_artifact_name": false,
                "packaging": "NONE",
                "path": "",
                "type": "CODEPIPELINE"
              }
            ],
            "badge_enabled": false,
            "badge_url": "",
            "build_batch_config": [],
            "build_timeout": 60,
            "cache": [
              {
                "location": "",
                "modes": [],
                "type": "NO_CACHE"
              }
            ],
            "concurrent_build_limit": 0,
            "description": "",
            "encryption_key": "arn:aws:kms:ap-southeast-2:459103101106:key/e67e8422-cc64-451f-92d4-2e4bed6408ce",
            "environment": [
              {
                "certificate": "",
                "compute_type": "BUILD_GENERAL1_SMALL",
                "environment_variable": [],
                "image": "aws/codebuild/amazonlinux2-x86_64-standard:3.0",
                "image_pull_credentials_type": "CODEBUILD",
                "privileged_mode": true,
                "registry_credential": [],
                "type": "LINUX_CONTAINER"
              }
            ],
            "file_system_locations": [],
            "id": "arn:aws:codebuild:ap-southeast-2:459103101106:project/Data-preparation-pipeline-apply",
            "logs_config": [
              {
                "cloudwatch_logs": [
                  {
                    "group_name": "",
                    "status": "ENABLED",
                    "stream_name": ""
                  }
                ],
                "s3_logs": [
                  {
                    "bucket_owner_access": "",
                    "encryption_disabled": false,
                    "location": "",
                    "status": "DISABLED"
                  }
                ]
              }
            ],
            "name": "Data-preparation-pipeline-apply",
            "project_visibility": "PRIVATE",
            "public_project_alias": "",
            "queued_timeout": 480,
            "resource_access_role": "",
            "secondary_artifacts": [],
            "secondary_source_version": [],
            "secondary_sources": [],
            "service_role": "arn:aws:iam::459103101106:role/codepipeline-role",
            "source": [
              {
                "auth": [],
                "build_status_config": [],
                "buildspec": "./templates/buildspec_apply.yml",
                "git_clone_depth": 0,
                "git_submodules_config": [],
                "insecure_ssl": false,
                "location": "",
                "report_build_status": false,
                "type": "CODEPIPELINE"
              }
            ],
            "source_version": "",
            "tags": {
              "Account_ID": "459103101106",
              "Environment": "dev",
              "Project_Name": "Data-preparation-pipeline",
              "Region": "ap-southeast-2"
            },
            "tags_all": {
              "Account_ID": "459103101106",
              "Environment": "dev",
              "Project_Name": "Data-preparation-pipeline",
              "Region": "ap-southeast-2"
            },
            "vpc_config": []
          },
          "sensitive_attributes": [],
          "private": "bnVsbA==",
          "dependencies": [
            "data.aws_caller_identity.current",
            "data.aws_region.current",
            "module.codepipeline_iam_role.aws_iam_role.codepipeline_role",
            "module.codepipeline_kms.aws_kms_key.encryption_key",
            "module.codepipeline_kms.data.aws_caller_identity.current",
            "module.codepipeline_kms.data.aws_iam_policy_document.kms_key_policy_doc",
            "module.source_repo.aws_codecommit_approval_rule_template.source_repository_approval",
            "module.source_repo.aws_codecommit_approval_rule_template_association.source_repository_approval_association",
            "module.source_repo.aws_codecommit_repository.Data-preparation-pipeline"
          ]
        },
        {
          "index_key": 3,
          "schema_version": 0,
          "attributes": {
            "arn": "arn:aws:codebuild:ap-southeast-2:459103101106:project/Data-preparation-pipeline-destroy",
            "artifacts": [
              {
                "artifact_identifier": "",
                "bucket_owner_access": "",
                "encryption_disabled": false,
                "location": "",
                "name": "Data-preparation-pipeline-destroy",
                "namespace_type": "",
                "override_artifact_name": false,
                "packaging": "NONE",
                "path": "",
                "type": "CODEPIPELINE"
              }
            ],
            "badge_enabled": false,
            "badge_url": "",
            "build_batch_config": [],
            "build_timeout": 60,
            "cache": [
              {
                "location": "",
                "modes": [],
                "type": "NO_CACHE"
              }
            ],
            "concurrent_build_limit": 0,
            "description": "",
            "encryption_key": "arn:aws:kms:ap-southeast-2:459103101106:key/e67e8422-cc64-451f-92d4-2e4bed6408ce",
            "environment": [
              {
                "certificate": "",
                "compute_type": "BUILD_GENERAL1_SMALL",
                "environment_variable": [],
                "image": "aws/codebuild/amazonlinux2-x86_64-standard:3.0",
                "image_pull_credentials_type": "CODEBUILD",
                "privileged_mode": true,
                "registry_credential": [],
                "type": "LINUX_CONTAINER"
              }
            ],
            "file_system_locations": [],
            "id": "arn:aws:codebuild:ap-southeast-2:459103101106:project/Data-preparation-pipeline-destroy",
            "logs_config": [
              {
                "cloudwatch_logs": [
                  {
                    "group_name": "",
                    "status": "ENABLED",
                    "stream_name": ""
                  }
                ],
                "s3_logs": [
                  {
                    "bucket_owner_access": "",
                    "encryption_disabled": false,
                    "location": "",
                    "status": "DISABLED"
                  }
                ]
              }
            ],
            "name": "Data-preparation-pipeline-destroy",
            "project_visibility": "PRIVATE",
            "public_project_alias": "",
            "queued_timeout": 480,
            "resource_access_role": "",
            "secondary_artifacts": [],
            "secondary_source_version": [],
            "secondary_sources": [],
            "service_role": "arn:aws:iam::459103101106:role/codepipeline-role",
            "source": [
              {
                "auth": [],
                "build_status_config": [],
                "buildspec": "./templates/buildspec_destroy.yml",
                "git_clone_depth": 0,
                "git_submodules_config": [],
                "insecure_ssl": false,
                "location": "",
                "report_build_status": false,
                "type": "CODEPIPELINE"
              }
            ],
            "source_version": "",
            "tags": {
              "Account_ID": "459103101106",
              "Environment": "dev",
              "Project_Name": "Data-preparation-pipeline",
              "Region": "ap-southeast-2"
            },
            "tags_all": {
              "Account_ID": "459103101106",
              "Environment": "dev",
              "Project_Name": "Data-preparation-pipeline",
              "Region": "ap-southeast-2"
            },
            "vpc_config": []
          },
          "sensitive_attributes": [],
          "private": "bnVsbA==",
          "dependencies": [
            "data.aws_caller_identity.current",
            "data.aws_region.current",
            "module.codepipeline_iam_role.aws_iam_role.codepipeline_role",
            "module.codepipeline_kms.aws_kms_key.encryption_key",
            "module.codepipeline_kms.data.aws_caller_identity.current",
            "module.codepipeline_kms.data.aws_iam_policy_document.kms_key_policy_doc",
            "module.source_repo.aws_codecommit_approval_rule_template.source_repository_approval",
            "module.source_repo.aws_codecommit_approval_rule_template_association.source_repository_approval_association",
            "module.source_repo.aws_codecommit_repository.Data-preparation-pipeline"
          ]
        }
      ]
    },
    {
      "module": "module.codepipeline_iam_role",
      "mode": "data",
      "type": "aws_caller_identity",
      "name": "current",
      "provider": "provider[\"registry.terraform.io/hashicorp/aws\"]",
      "instances": [
        {
          "schema_version": 0,
          "attributes": {
            "account_id": "459103101106",
            "arn": "arn:aws:iam::459103101106:user/gundalai-batkhuu",
            "id": "459103101106",
            "user_id": "AIDAWVZFNMCZJU3WZS35E"
          },
          "sensitive_attributes": []
        }
      ]
    },
    {
      "module": "module.codepipeline_iam_role",
      "mode": "data",
      "type": "aws_partition",
      "name": "current",
      "provider": "provider[\"registry.terraform.io/hashicorp/aws\"]",
      "instances": [
        {
          "schema_version": 0,
          "attributes": {
            "dns_suffix": "amazonaws.com",
            "id": "aws",
            "partition": "aws",
            "reverse_dns_prefix": "com.amazonaws"
          },
          "sensitive_attributes": []
        }
      ]
    },
    {
      "module": "module.codepipeline_iam_role",
      "mode": "data",
      "type": "aws_region",
      "name": "current",
      "provider": "provider[\"registry.terraform.io/hashicorp/aws\"]",
      "instances": [
        {
          "schema_version": 0,
          "attributes": {
            "description": "Asia Pacific (Sydney)",
            "endpoint": "ec2.ap-southeast-2.amazonaws.com",
            "id": "ap-southeast-2",
            "name": "ap-southeast-2"
          },
          "sensitive_attributes": []
        }
      ]
    },
    {
      "module": "module.codepipeline_iam_role",
      "mode": "managed",
      "type": "aws_iam_policy",
      "name": "codepipeline_policy",
      "provider": "provider[\"registry.terraform.io/hashicorp/aws\"]",
      "instances": [
        {
          "schema_version": 0,
          "attributes": {
            "arn": "arn:aws:iam::459103101106:policy/codepipeline-policy",
            "description": "Policy to allow codepipeline to execute",
            "id": "arn:aws:iam::459103101106:policy/codepipeline-policy",
            "name": "codepipeline-policy",
            "name_prefix": null,
            "path": "/",
            "policy": "{\"Statement\":[{\"Action\":[\"s3:GetObject\",\"s3:GetObjectVersion\",\"s3:PutObjectAcl\",\"s3:PutObject\"],\"Effect\":\"Allow\",\"Resource\":\"arn:aws:s3:::data-preparation-pipeline20230402080305344300000003/*\"},{\"Action\":[\"codecommit:CreateRepository\",\"codecommit:CreateApprovalRuleTemplate\",\"iam:CreateRole\",\"iam:CreatePolicy\",\"rds:CreateDBInstance\"],\"Effect\":\"Allow\",\"Resource\":\"*\"},{\"Action\":[\"s3:GetBucketVersioning\"],\"Effect\":\"Allow\",\"Resource\":\"arn:aws:s3:::data-preparation-pipeline20230402080305344300000003\"},{\"Action\":[\"kms:DescribeKey\",\"kms:GenerateDataKey*\",\"kms:Encrypt\",\"kms:ReEncrypt*\",\"kms:Decrypt\"],\"Effect\":\"Allow\",\"Resource\":\"arn:aws:kms:ap-southeast-2:459103101106:key/e67e8422-cc64-451f-92d4-2e4bed6408ce\"},{\"Action\":[\"codecommit:GitPull\",\"codecommit:GitPush\",\"codecommit:GetBranch\",\"codecommit:CreateCommit\",\"codecommit:ListRepositories\",\"codecommit:BatchGetCommits\",\"codecommit:BatchGetRepositories\",\"codecommit:GetCommit\",\"codecommit:GetRepository\",\"codecommit:GetUploadArchiveStatus\",\"codecommit:ListBranches\",\"codecommit:UploadArchive\"],\"Effect\":\"Allow\",\"Resource\":\"arn:aws:codecommit:ap-southeast-2:459103101106:Data-preparation-pipeline\"},{\"Action\":[\"codebuild:BatchGetBuilds\",\"codebuild:StartBuild\",\"codebuild:BatchGetProjects\"],\"Effect\":\"Allow\",\"Resource\":\"arn:aws:codebuild:ap-southeast-2:459103101106:project/Data-preparation-pipeline*\"},{\"Action\":[\"codebuild:CreateReportGroup\",\"codebuild:CreateReport\",\"codebuild:UpdateReport\",\"codebuild:BatchPutTestCases\"],\"Effect\":\"Allow\",\"Resource\":\"arn:aws:codebuild:ap-southeast-2:459103101106:report-group/Data-preparation-pipeline*\"},{\"Action\":[\"logs:CreateLogGroup\",\"logs:CreateLogStream\",\"logs:PutLogEvents\"],\"Effect\":\"Allow\",\"Resource\":\"arn:aws:logs:ap-southeast-2:459103101106:log-group:*\"}],\"Version\":\"2012-10-17\"}",
            "policy_id": "ANPAWVZFNMCZG6EUZI554",
            "tags": {
              "Account_ID": "459103101106",
              "Environment": "dev",
              "Project_Name": "Data-preparation-pipeline",
              "Region": "ap-southeast-2"
            },
            "tags_all": {
              "Account_ID": "459103101106",
              "Environment": "dev",
              "Project_Name": "Data-preparation-pipeline",
              "Region": "ap-southeast-2"
            }
          },
          "sensitive_attributes": [],
          "private": "bnVsbA==",
          "dependencies": [
            "data.aws_caller_identity.current",
            "data.aws_region.current",
            "module.codepipeline_iam_role.aws_iam_role.codepipeline_role",
            "module.codepipeline_iam_role.data.aws_caller_identity.current",
            "module.codepipeline_iam_role.data.aws_partition.current",
            "module.codepipeline_iam_role.data.aws_region.current",
            "module.codepipeline_kms.aws_kms_key.encryption_key",
            "module.codepipeline_kms.data.aws_caller_identity.current",
            "module.codepipeline_kms.data.aws_iam_policy_document.kms_key_policy_doc",
            "module.s3_artifacts_bucket.aws_s3_bucket.codepipeline_bucket"
          ]
        }
      ]
    },
    {
      "module": "module.codepipeline_iam_role",
      "mode": "managed",
      "type": "aws_iam_role",
      "name": "codepipeline_role",
      "provider": "provider[\"registry.terraform.io/hashicorp/aws\"]",
      "instances": [
        {
          "schema_version": 0,
          "attributes": {
            "arn": "arn:aws:iam::459103101106:role/codepipeline-role",
            "assume_role_policy": "{\"Statement\":[{\"Action\":\"sts:AssumeRole\",\"Effect\":\"Allow\",\"Principal\":{\"Service\":\"codepipeline.amazonaws.com\"}},{\"Action\":\"sts:AssumeRole\",\"Effect\":\"Allow\",\"Principal\":{\"Service\":\"codebuild.amazonaws.com\"}}],\"Version\":\"2012-10-17\"}",
            "create_date": "2023-04-02T08:55:37Z",
            "description": "",
            "force_detach_policies": false,
            "id": "codepipeline-role",
            "inline_policy": [],
            "managed_policy_arns": [
              "arn:aws:iam::459103101106:policy/codepipeline-policy"
            ],
            "max_session_duration": 3600,
            "name": "codepipeline-role",
            "name_prefix": "",
            "path": "/",
            "permissions_boundary": null,
            "tags": {
              "Account_ID": "459103101106",
              "Environment": "dev",
              "Project_Name": "Data-preparation-pipeline",
              "Region": "ap-southeast-2"
            },
            "tags_all": {
              "Account_ID": "459103101106",
              "Environment": "dev",
              "Project_Name": "Data-preparation-pipeline",
              "Region": "ap-southeast-2"
            },
            "unique_id": "AROAWVZFNMCZH6DR3765P"
          },
          "sensitive_attributes": [],
          "private": "bnVsbA==",
          "dependencies": [
            "data.aws_caller_identity.current",
            "data.aws_region.current"
          ]
        }
      ]
    },
    {
      "module": "module.codepipeline_iam_role",
      "mode": "managed",
      "type": "aws_iam_role_policy_attachment",
      "name": "codepipeline_role_attach",
      "provider": "provider[\"registry.terraform.io/hashicorp/aws\"]",
      "instances": [
        {
          "schema_version": 0,
          "attributes": {
            "id": "codepipeline-role-20230402085539377100000005",
            "policy_arn": "arn:aws:iam::459103101106:policy/codepipeline-policy",
            "role": "codepipeline-role"
          },
          "sensitive_attributes": [],
          "private": "bnVsbA==",
          "dependencies": [
            "data.aws_caller_identity.current",
            "data.aws_region.current",
            "module.codepipeline_iam_role.aws_iam_policy.codepipeline_policy",
            "module.codepipeline_iam_role.aws_iam_role.codepipeline_role",
            "module.codepipeline_iam_role.data.aws_caller_identity.current",
            "module.codepipeline_iam_role.data.aws_partition.current",
            "module.codepipeline_iam_role.data.aws_region.current",
            "module.codepipeline_kms.aws_kms_key.encryption_key",
            "module.codepipeline_kms.data.aws_caller_identity.current",
            "module.codepipeline_kms.data.aws_iam_policy_document.kms_key_policy_doc",
            "module.s3_artifacts_bucket.aws_s3_bucket.codepipeline_bucket"
          ]
        }
      ]
    },
    {
      "module": "module.codepipeline_kms",
      "mode": "data",
      "type": "aws_caller_identity",
      "name": "current",
      "provider": "provider[\"registry.terraform.io/hashicorp/aws\"]",
      "instances": [
        {
          "schema_version": 0,
          "attributes": {
            "account_id": "459103101106",
            "arn": "arn:aws:iam::459103101106:user/gundalai-batkhuu",
            "id": "459103101106",
            "user_id": "AIDAWVZFNMCZJU3WZS35E"
          },
          "sensitive_attributes": []
        }
      ]
    },
    {
      "module": "module.codepipeline_kms",
      "mode": "data",
      "type": "aws_iam_policy_document",
      "name": "kms_key_policy_doc",
      "provider": "provider[\"registry.terraform.io/hashicorp/aws\"]",
      "instances": [
        {
          "schema_version": 0,
          "attributes": {
            "id": "1516861973",
            "json": "{\n  \"Version\": \"2012-10-17\",\n  \"Statement\": [\n    {\n      \"Sid\": \"Enable IAM User Permissions\",\n      \"Effect\": \"Allow\",\n      \"Action\": \"kms:*\",\n      \"Resource\": \"*\",\n      \"Principal\": {\n        \"AWS\": \"arn:aws:iam::459103101106:root\"\n      }\n    },\n    {\n      \"Sid\": \"Allow access for Key Administrators\",\n      \"Effect\": \"Allow\",\n      \"Action\": \"kms:*\",\n      \"Resource\": \"*\",\n      \"Principal\": {\n        \"AWS\": \"arn:aws:iam::459103101106:role/codepipeline-role\"\n      }\n    },\n    {\n      \"Sid\": \"Allow use of the key\",\n      \"Effect\": \"Allow\",\n      \"Action\": [\n        \"kms:ReEncrypt*\",\n        \"kms:GenerateDataKey*\",\n        \"kms:Encrypt\",\n        \"kms:DescribeKey\",\n        \"kms:Decrypt\"\n      ],\n      \"Resource\": \"*\",\n      \"Principal\": {\n        \"AWS\": \"arn:aws:iam::459103101106:role/codepipeline-role\"\n      }\n    },\n    {\n      \"Sid\": \"Allow attachment of persistent resources\",\n      \"Effect\": \"Allow\",\n      \"Action\": [\n        \"kms:RevokeGrant\",\n        \"kms:ListGrants\",\n        \"kms:CreateGrant\"\n      ],\n      \"Resource\": \"*\",\n      \"Principal\": {\n        \"AWS\": \"arn:aws:iam::459103101106:role/codepipeline-role\"\n      },\n      \"Condition\": {\n        \"Bool\": {\n          \"kms:GrantIsForAWSResource\": \"true\"\n        }\n      }\n    }\n  ]\n}",
            "override_json": null,
            "override_policy_documents": null,
            "policy_id": null,
            "source_json": null,
            "source_policy_documents": null,
            "statement": [
              {
                "actions": [
                  "kms:*"
                ],
                "condition": [],
                "effect": "Allow",
                "not_actions": [],
                "not_principals": [],
                "not_resources": [],
                "principals": [
                  {
                    "identifiers": [
                      "arn:aws:iam::459103101106:root"
                    ],
                    "type": "AWS"
                  }
                ],
                "resources": [
                  "*"
                ],
                "sid": "Enable IAM User Permissions"
              },
              {
                "actions": [
                  "kms:*"
                ],
                "condition": [],
                "effect": "Allow",
                "not_actions": [],
                "not_principals": [],
                "not_resources": [],
                "principals": [
                  {
                    "identifiers": [
                      "arn:aws:iam::459103101106:role/codepipeline-role"
                    ],
                    "type": "AWS"
                  }
                ],
                "resources": [
                  "*"
                ],
                "sid": "Allow access for Key Administrators"
              },
              {
                "actions": [
                  "kms:Decrypt",
                  "kms:DescribeKey",
                  "kms:Encrypt",
                  "kms:GenerateDataKey*",
                  "kms:ReEncrypt*"
                ],
                "condition": [],
                "effect": "Allow",
                "not_actions": [],
                "not_principals": [],
                "not_resources": [],
                "principals": [
                  {
                    "identifiers": [
                      "arn:aws:iam::459103101106:role/codepipeline-role"
                    ],
                    "type": "AWS"
                  }
                ],
                "resources": [
                  "*"
                ],
                "sid": "Allow use of the key"
              },
              {
                "actions": [
                  "kms:CreateGrant",
                  "kms:ListGrants",
                  "kms:RevokeGrant"
                ],
                "condition": [
                  {
                    "test": "Bool",
                    "values": [
                      "true"
                    ],
                    "variable": "kms:GrantIsForAWSResource"
                  }
                ],
                "effect": "Allow",
                "not_actions": [],
                "not_principals": [],
                "not_resources": [],
                "principals": [
                  {
                    "identifiers": [
                      "arn:aws:iam::459103101106:role/codepipeline-role"
                    ],
                    "type": "AWS"
                  }
                ],
                "resources": [
                  "*"
                ],
                "sid": "Allow attachment of persistent resources"
              }
            ],
            "version": "2012-10-17"
          },
          "sensitive_attributes": []
        }
      ]
    },
    {
      "module": "module.codepipeline_kms",
      "mode": "data",
      "type": "aws_region",
      "name": "current",
      "provider": "provider[\"registry.terraform.io/hashicorp/aws\"]",
      "instances": [
        {
          "schema_version": 0,
          "attributes": {
            "description": "Asia Pacific (Sydney)",
            "endpoint": "ec2.ap-southeast-2.amazonaws.com",
            "id": "ap-southeast-2",
            "name": "ap-southeast-2"
          },
          "sensitive_attributes": []
        }
      ]
    },
    {
      "module": "module.codepipeline_kms",
      "mode": "managed",
      "type": "aws_kms_key",
      "name": "encryption_key",
      "provider": "provider[\"registry.terraform.io/hashicorp/aws\"]",
      "instances": [
        {
          "schema_version": 0,
          "attributes": {
            "arn": "arn:aws:kms:ap-southeast-2:459103101106:key/e67e8422-cc64-451f-92d4-2e4bed6408ce",
            "bypass_policy_lockout_safety_check": false,
            "custom_key_store_id": "",
            "customer_master_key_spec": "SYMMETRIC_DEFAULT",
            "deletion_window_in_days": 10,
            "description": "This key is used to encrypt bucket objects",
            "enable_key_rotation": true,
            "id": "e67e8422-cc64-451f-92d4-2e4bed6408ce",
            "is_enabled": true,
            "key_id": "e67e8422-cc64-451f-92d4-2e4bed6408ce",
            "key_usage": "ENCRYPT_DECRYPT",
            "multi_region": false,
            "policy": "{\"Statement\":[{\"Action\":\"kms:*\",\"Effect\":\"Allow\",\"Principal\":{\"AWS\":\"arn:aws:iam::459103101106:root\"},\"Resource\":\"*\",\"Sid\":\"Enable IAM User Permissions\"},{\"Action\":\"kms:*\",\"Effect\":\"Allow\",\"Principal\":{\"AWS\":\"arn:aws:iam::459103101106:role/codepipeline-role\"},\"Resource\":\"*\",\"Sid\":\"Allow access for Key Administrators\"},{\"Action\":[\"kms:ReEncrypt*\",\"kms:GenerateDataKey*\",\"kms:Encrypt\",\"kms:DescribeKey\",\"kms:Decrypt\"],\"Effect\":\"Allow\",\"Principal\":{\"AWS\":\"arn:aws:iam::459103101106:role/codepipeline-role\"},\"Resource\":\"*\",\"Sid\":\"Allow use of the key\"},{\"Action\":[\"kms:RevokeGrant\",\"kms:ListGrants\",\"kms:CreateGrant\"],\"Condition\":{\"Bool\":{\"kms:GrantIsForAWSResource\":\"true\"}},\"Effect\":\"Allow\",\"Principal\":{\"AWS\":\"arn:aws:iam::459103101106:role/codepipeline-role\"},\"Resource\":\"*\",\"Sid\":\"Allow attachment of persistent resources\"}],\"Version\":\"2012-10-17\"}",
            "tags": {
              "Account_ID": "459103101106",
              "Environment": "dev",
              "Project_Name": "Data-preparation-pipeline",
              "Region": "ap-southeast-2"
            },
            "tags_all": {
              "Account_ID": "459103101106",
              "Environment": "dev",
              "Project_Name": "Data-preparation-pipeline",
              "Region": "ap-southeast-2"
            }
          },
          "sensitive_attributes": [],
          "private": "bnVsbA==",
          "dependencies": [
            "data.aws_caller_identity.current",
            "data.aws_region.current",
            "module.codepipeline_iam_role.aws_iam_role.codepipeline_role",
            "module.codepipeline_kms.data.aws_caller_identity.current",
            "module.codepipeline_kms.data.aws_iam_policy_document.kms_key_policy_doc"
          ]
        }
      ]
    },
    {
      "module": "module.codepipeline_terraform",
      "mode": "managed",
      "type": "aws_codepipeline",
      "name": "terraform_pipeline",
      "provider": "provider[\"registry.terraform.io/hashicorp/aws\"]",
      "instances": [
        {
          "schema_version": 0,
          "attributes": {
            "arn": "arn:aws:codepipeline:ap-southeast-2:459103101106:Data-preparation-pipeline_pipeline",
            "artifact_store": [
              {
                "encryption_key": [
                  {
                    "id": "arn:aws:kms:ap-southeast-2:459103101106:key/e67e8422-cc64-451f-92d4-2e4bed6408ce",
                    "type": "KMS"
                  }
                ],
                "location": "data-preparation-pipeline20230402080305344300000003",
                "region": "",
                "type": "S3"
              }
            ],
            "id": "Data-preparation-pipeline_pipeline",
            "name": "Data-preparation-pipeline_pipeline",
            "role_arn": "arn:aws:iam::459103101106:role/codepipeline-role",
            "stage": [
              {
                "action": [
                  {
                    "category": "Source",
                    "configuration": {
                      "BranchName": "master",
                      "PollForSourceChanges": "true",
                      "RepositoryName": "Data-preparation-pipeline"
                    },
                    "input_artifacts": [],
                    "name": "Download-Source",
                    "namespace": "SourceVariables",
                    "output_artifacts": [
                      "SourceOutput"
                    ],
                    "owner": "AWS",
                    "provider": "CodeCommit",
                    "region": "",
                    "role_arn": "",
                    "run_order": 1,
                    "version": "1"
                  }
                ],
                "name": "Source"
              },
              {
                "action": [
                  {
                    "category": "Test",
                    "configuration": {
                      "ProjectName": "Data-preparation-pipeline-validate"
                    },
                    "input_artifacts": [
                      "SourceOutput"
                    ],
                    "name": "Action-validate",
                    "namespace": "",
                    "output_artifacts": [
                      "ValidateOutput"
                    ],
                    "owner": "AWS",
                    "provider": "CodeBuild",
                    "region": "",
                    "role_arn": "",
                    "run_order": 2,
                    "version": "1"
                  }
                ],
                "name": "Stage-validate"
              },
              {
                "action": [
                  {
                    "category": "Test",
                    "configuration": {
                      "ProjectName": "Data-preparation-pipeline-plan"
                    },
                    "input_artifacts": [
                      "ValidateOutput"
                    ],
                    "name": "Action-plan",
                    "namespace": "",
                    "output_artifacts": [
                      "PlanOutput"
                    ],
                    "owner": "AWS",
                    "provider": "CodeBuild",
                    "region": "",
                    "role_arn": "",
                    "run_order": 3,
                    "version": "1"
                  }
                ],
                "name": "Stage-plan"
              },
              {
                "action": [
                  {
                    "category": "Build",
                    "configuration": {
                      "ProjectName": "Data-preparation-pipeline-apply"
                    },
                    "input_artifacts": [
                      "PlanOutput"
                    ],
                    "name": "Action-apply",
                    "namespace": "",
                    "output_artifacts": [
                      "ApplyOutput"
                    ],
                    "owner": "AWS",
                    "provider": "CodeBuild",
                    "region": "",
                    "role_arn": "",
                    "run_order": 4,
                    "version": "1"
                  }
                ],
                "name": "Stage-apply"
              }
            ],
            "tags": {
              "Account_ID": "459103101106",
              "Environment": "dev",
              "Project_Name": "Data-preparation-pipeline",
              "Region": "ap-southeast-2"
            },
            "tags_all": {
              "Account_ID": "459103101106",
              "Environment": "dev",
              "Project_Name": "Data-preparation-pipeline",
              "Region": "ap-southeast-2"
            }
          },
          "sensitive_attributes": [],
          "private": "bnVsbA==",
          "dependencies": [
            "data.aws_caller_identity.current",
            "data.aws_region.current",
            "module.codebuild_terraform.aws_codebuild_project.terraform_codebuild_project",
            "module.codepipeline_iam_role.aws_iam_role.codepipeline_role",
            "module.codepipeline_kms.aws_kms_key.encryption_key",
            "module.codepipeline_kms.data.aws_caller_identity.current",
            "module.codepipeline_kms.data.aws_iam_policy_document.kms_key_policy_doc",
            "module.s3_artifacts_bucket.aws_iam_policy.replication_s3_policy",
            "module.s3_artifacts_bucket.aws_iam_role.replication_s3_role",
            "module.s3_artifacts_bucket.aws_iam_role_policy_attachment.replication_s3_role_attach",
            "module.s3_artifacts_bucket.aws_s3_bucket.codepipeline_bucket",
            "module.s3_artifacts_bucket.aws_s3_bucket.replication_bucket",
            "module.s3_artifacts_bucket.aws_s3_bucket_acl.codepipeline_bucket_acl",
            "module.s3_artifacts_bucket.aws_s3_bucket_acl.replication_bucket_acl",
            "module.s3_artifacts_bucket.aws_s3_bucket_logging.codepipeline_bucket_logging",
            "module.s3_artifacts_bucket.aws_s3_bucket_logging.replication_bucket_logging",
            "module.s3_artifacts_bucket.aws_s3_bucket_policy.bucket_policy_codepipeline_bucket",
            "module.s3_artifacts_bucket.aws_s3_bucket_policy.bucket_policy_replication_bucket",
            "module.s3_artifacts_bucket.aws_s3_bucket_public_access_block.codepipeline_bucket_access",
            "module.s3_artifacts_bucket.aws_s3_bucket_public_access_block.replication_bucket_access",
            "module.s3_artifacts_bucket.aws_s3_bucket_replication_configuration.replication_config",
            "module.s3_artifacts_bucket.aws_s3_bucket_server_side_encryption_configuration.codepipeline_bucket_encryption",
            "module.s3_artifacts_bucket.aws_s3_bucket_server_side_encryption_configuration.replication_bucket_encryption",
            "module.s3_artifacts_bucket.aws_s3_bucket_versioning.codepipeline_bucket_versioning",
            "module.s3_artifacts_bucket.aws_s3_bucket_versioning.replication_bucket_versioning",
            "module.s3_artifacts_bucket.data.aws_iam_policy_document.bucket_policy_doc_codepipeline_bucket",
            "module.s3_artifacts_bucket.data.aws_iam_policy_document.bucket_policy_doc_replication_bucket",
            "module.source_repo.aws_codecommit_approval_rule_template.source_repository_approval",
            "module.source_repo.aws_codecommit_approval_rule_template_association.source_repository_approval_association",
            "module.source_repo.aws_codecommit_repository.Data-preparation-pipeline"
          ]
        }
      ]
    },
    {
      "module": "module.lambda",
      "mode": "managed",
      "type": "aws_lambda_function",
      "name": "data_processing_lambda",
      "provider": "provider[\"registry.terraform.io/hashicorp/aws\"]",
      "instances": [
        {
          "schema_version": 0,
          "attributes": {
            "architectures": [
              "x86_64"
            ],
            "arn": "arn:aws:lambda:ap-southeast-2:459103101106:function:Data-preparation-pipeline_lambda",
            "code_signing_config_arn": "",
            "dead_letter_config": [],
            "description": "Processes raw data into a relational database",
            "environment": [],
            "ephemeral_storage": [
              {
                "size": 512
              }
            ],
            "file_system_config": [],
            "filename": "data-processing-function/my-deployment-package.zip",
            "function_name": "Data-preparation-pipeline_lambda",
            "handler": "lambda_function.lambda_handler",
            "id": "Data-preparation-pipeline_lambda",
            "image_config": [],
            "image_uri": "",
            "invoke_arn": "arn:aws:apigateway:ap-southeast-2:lambda:path/2015-03-31/functions/arn:aws:lambda:ap-southeast-2:459103101106:function:Data-preparation-pipeline_lambda/invocations",
            "kms_key_arn": "",
            "last_modified": "2023-04-02T13:36:29.000+0000",
            "layers": [
              "arn:aws:lambda:ap-southeast-2:336392948345:layer:AWSSDKPandas-Python38:5",
              "arn:aws:lambda:ap-southeast-2:898466741470:layer:psycopg2-py38:1"
            ],
            "memory_size": 512,
            "package_type": "Zip",
            "publish": false,
            "qualified_arn": "arn:aws:lambda:ap-southeast-2:459103101106:function:Data-preparation-pipeline_lambda:$LATEST",
            "qualified_invoke_arn": "arn:aws:apigateway:ap-southeast-2:lambda:path/2015-03-31/functions/arn:aws:lambda:ap-southeast-2:459103101106:function:Data-preparation-pipeline_lambda:$LATEST/invocations",
            "replace_security_groups_on_destroy": null,
            "replacement_security_group_ids": null,
            "reserved_concurrent_executions": -1,
            "role": "arn:aws:iam::459103101106:role/lambda-role",
            "runtime": "python3.8",
            "s3_bucket": null,
            "s3_key": null,
            "s3_object_version": null,
            "signing_job_arn": "",
            "signing_profile_version_arn": "",
            "skip_destroy": false,
            "snap_start": [],
            "source_code_hash": "2UYxfNslU6TKFw21BRHbT14LSR50edKV11roSzSi8SI=",
            "source_code_size": 1190,
            "tags": {},
            "tags_all": {},
            "timeout": 30,
            "timeouts": null,
            "tracing_config": [
              {
                "mode": "PassThrough"
              }
            ],
            "version": "$LATEST",
            "vpc_config": [
              {
                "security_group_ids": [
                  "sg-0d9b5e93485a658c6"
                ],
                "subnet_ids": [
                  "subnet-05e439b9dc7303f73",
                  "subnet-092dec3db51849867",
                  "subnet-0c54ecc2fa3e67790"
                ],
                "vpc_id": "vpc-0d433942247397ecf"
              }
            ]
          },
          "sensitive_attributes": [],
          "private": "eyJlMmJmYjczMC1lY2FhLTExZTYtOGY4OC0zNDM2M2JjN2M0YzAiOnsiY3JlYXRlIjo2MDAwMDAwMDAwMDAsImRlbGV0ZSI6NjAwMDAwMDAwMDAwLCJ1cGRhdGUiOjYwMDAwMDAwMDAwMH19",
          "dependencies": [
            "module.lambda_iam_role.aws_iam_role.lambda_role"
          ]
        }
      ]
    },
    {
      "module": "module.lambda_iam_role",
      "mode": "data",
      "type": "aws_iam_policy_document",
      "name": "AWSLambdaBasicExecutionRole",
      "provider": "provider[\"registry.terraform.io/hashicorp/aws\"]",
      "instances": [
        {
          "schema_version": 0,
          "attributes": {
            "id": "231544929",
            "json": "{\n  \"Version\": \"2012-10-17\",\n  \"Statement\": [\n    {\n      \"Sid\": \"\",\n      \"Effect\": \"Allow\",\n      \"Action\": [\n        \"logs:PutLogEvents\",\n        \"logs:CreateLogStream\",\n        \"logs:CreateLogGroup\"\n      ],\n      \"Resource\": \"arn:aws:logs:*:*:*\"\n    }\n  ]\n}",
            "override_json": null,
            "override_policy_documents": null,
            "policy_id": null,
            "source_json": null,
            "source_policy_documents": null,
            "statement": [
              {
                "actions": [
                  "logs:CreateLogGroup",
                  "logs:CreateLogStream",
                  "logs:PutLogEvents"
                ],
                "condition": [],
                "effect": "Allow",
                "not_actions": [],
                "not_principals": [],
                "not_resources": [],
                "principals": [],
                "resources": [
                  "arn:aws:logs:*:*:*"
                ],
                "sid": ""
              }
            ],
            "version": "2012-10-17"
          },
          "sensitive_attributes": []
        }
      ]
    },
    {
      "module": "module.lambda_iam_role",
      "mode": "data",
      "type": "aws_iam_policy_document",
      "name": "AWSLambdaSQSQueueExecutionRole",
      "provider": "provider[\"registry.terraform.io/hashicorp/aws\"]",
      "instances": [
        {
          "schema_version": 0,
          "attributes": {
            "id": "548192794",
            "json": "{\n  \"Version\": \"2012-10-17\",\n  \"Statement\": [\n    {\n      \"Sid\": \"\",\n      \"Effect\": \"Allow\",\n      \"Action\": [\n        \"sqs:ReceiveMessage\",\n        \"sqs:GetQueueAttributes\",\n        \"sqs:DeleteMessage\",\n        \"logs:PutLogEvents\",\n        \"logs:CreateLogStream\",\n        \"logs:CreateLogGroup\"\n      ],\n      \"Resource\": \"*\"\n    }\n  ]\n}",
            "override_json": null,
            "override_policy_documents": null,
            "policy_id": null,
            "source_json": null,
            "source_policy_documents": null,
            "statement": [
              {
                "actions": [
                  "logs:CreateLogGroup",
                  "logs:CreateLogStream",
                  "logs:PutLogEvents",
                  "sqs:DeleteMessage",
                  "sqs:GetQueueAttributes",
                  "sqs:ReceiveMessage"
                ],
                "condition": [],
                "effect": "Allow",
                "not_actions": [],
                "not_principals": [],
                "not_resources": [],
                "principals": [],
                "resources": [
                  "*"
                ],
                "sid": ""
              }
            ],
            "version": "2012-10-17"
          },
          "sensitive_attributes": []
        }
      ]
    },
    {
      "module": "module.lambda_iam_role",
      "mode": "data",
      "type": "aws_iam_policy_document",
      "name": "AWSLambdaTrustPolicy",
      "provider": "provider[\"registry.terraform.io/hashicorp/aws\"]",
      "instances": [
        {
          "schema_version": 0,
          "attributes": {
            "id": "601522199",
            "json": "{\n  \"Version\": \"2012-10-17\",\n  \"Statement\": [\n    {\n      \"Sid\": \"\",\n      \"Effect\": \"Allow\",\n      \"Action\": \"sts:AssumeRole\",\n      \"Principal\": {\n        \"Service\": \"lambda.amazonaws.com\"\n      }\n    }\n  ]\n}",
            "override_json": null,
            "override_policy_documents": null,
            "policy_id": null,
            "source_json": null,
            "source_policy_documents": null,
            "statement": [
              {
                "actions": [
                  "sts:AssumeRole"
                ],
                "condition": [],
                "effect": "Allow",
                "not_actions": [],
                "not_principals": [],
                "not_resources": [],
                "principals": [
                  {
                    "identifiers": [
                      "lambda.amazonaws.com"
                    ],
                    "type": "Service"
                  }
                ],
                "resources": [],
                "sid": ""
              }
            ],
            "version": "2012-10-17"
          },
          "sensitive_attributes": []
        }
      ]
    },
    {
      "module": "module.lambda_iam_role",
      "mode": "data",
      "type": "aws_iam_policy_document",
      "name": "AWSLambdaVPCAccessExecutionRole",
      "provider": "provider[\"registry.terraform.io/hashicorp/aws\"]",
      "instances": [
        {
          "schema_version": 0,
          "attributes": {
            "id": "853541323",
            "json": "{\n  \"Version\": \"2012-10-17\",\n  \"Statement\": [\n    {\n      \"Sid\": \"\",\n      \"Effect\": \"Allow\",\n      \"Action\": [\n        \"logs:PutLogEvents\",\n        \"logs:CreateLogStream\",\n        \"logs:CreateLogGroup\",\n        \"ec2:UnassignPrivateIpAddresses\",\n        \"ec2:DescribeNetworkInterfaces\",\n        \"ec2:DeleteNetworkInterface\",\n        \"ec2:CreateNetworkInterface\",\n        \"ec2:AssignPrivateIpAddresses\"\n      ],\n      \"Resource\": \"*\"\n    }\n  ]\n}",
            "override_json": null,
            "override_policy_documents": null,
            "policy_id": null,
            "source_json": null,
            "source_policy_documents": null,
            "statement": [
              {
                "actions": [
                  "ec2:AssignPrivateIpAddresses",
                  "ec2:CreateNetworkInterface",
                  "ec2:DeleteNetworkInterface",
                  "ec2:DescribeNetworkInterfaces",
                  "ec2:UnassignPrivateIpAddresses",
                  "logs:CreateLogGroup",
                  "logs:CreateLogStream",
                  "logs:PutLogEvents"
                ],
                "condition": [],
                "effect": "Allow",
                "not_actions": [],
                "not_principals": [],
                "not_resources": [],
                "principals": [],
                "resources": [
                  "*"
                ],
                "sid": ""
              }
            ],
            "version": "2012-10-17"
          },
          "sensitive_attributes": []
        }
      ]
    },
    {
      "module": "module.lambda_iam_role",
      "mode": "managed",
      "type": "aws_iam_policy",
      "name": "AWSLambdaBasicExecutionRole",
      "provider": "provider[\"registry.terraform.io/hashicorp/aws\"]",
      "instances": [
        {
          "schema_version": 0,
          "attributes": {
            "arn": "arn:aws:iam::459103101106:policy/Lambda/AWSLambdaBasicExecutionRole_policy",
            "description": "",
            "id": "arn:aws:iam::459103101106:policy/Lambda/AWSLambdaBasicExecutionRole_policy",
            "name": "AWSLambdaBasicExecutionRole_policy",
            "name_prefix": null,
            "path": "/Lambda/",
            "policy": "{\"Statement\":[{\"Action\":[\"logs:PutLogEvents\",\"logs:CreateLogStream\",\"logs:CreateLogGroup\"],\"Effect\":\"Allow\",\"Resource\":\"arn:aws:logs:*:*:*\",\"Sid\":\"\"}],\"Version\":\"2012-10-17\"}",
            "policy_id": "ANPAWVZFNMCZKXHPBAXYB",
            "tags": {},
            "tags_all": {}
          },
          "sensitive_attributes": [],
          "private": "bnVsbA==",
          "dependencies": [
            "module.lambda_iam_role.data.aws_iam_policy_document.AWSLambdaBasicExecutionRole"
          ]
        }
      ]
    },
    {
      "module": "module.lambda_iam_role",
      "mode": "managed",
      "type": "aws_iam_policy",
      "name": "AWSLambdaSQSQueueExecutionRole",
      "provider": "provider[\"registry.terraform.io/hashicorp/aws\"]",
      "instances": [
        {
          "schema_version": 0,
          "attributes": {
            "arn": "arn:aws:iam::459103101106:policy/Lambda/AWSLambdaSQSQueueExecutionRole_policy",
            "description": "",
            "id": "arn:aws:iam::459103101106:policy/Lambda/AWSLambdaSQSQueueExecutionRole_policy",
            "name": "AWSLambdaSQSQueueExecutionRole_policy",
            "name_prefix": null,
            "path": "/Lambda/",
            "policy": "{\"Statement\":[{\"Action\":[\"sqs:ReceiveMessage\",\"sqs:GetQueueAttributes\",\"sqs:DeleteMessage\",\"logs:PutLogEvents\",\"logs:CreateLogStream\",\"logs:CreateLogGroup\"],\"Effect\":\"Allow\",\"Resource\":\"*\",\"Sid\":\"\"}],\"Version\":\"2012-10-17\"}",
            "policy_id": "ANPAWVZFNMCZD35B4RAUZ",
            "tags": {},
            "tags_all": {}
          },
          "sensitive_attributes": [],
          "private": "bnVsbA==",
          "dependencies": [
            "module.lambda_iam_role.data.aws_iam_policy_document.AWSLambdaSQSQueueExecutionRole"
          ]
        }
      ]
    },
    {
      "module": "module.lambda_iam_role",
      "mode": "managed",
      "type": "aws_iam_policy",
      "name": "AWSLambdaVPCAccessExecutionRole",
      "provider": "provider[\"registry.terraform.io/hashicorp/aws\"]",
      "instances": [
        {
          "schema_version": 0,
          "attributes": {
            "arn": "arn:aws:iam::459103101106:policy/Lambda/AWSLambdaVPCAccessExecutionRole_policy",
            "description": "",
            "id": "arn:aws:iam::459103101106:policy/Lambda/AWSLambdaVPCAccessExecutionRole_policy",
            "name": "AWSLambdaVPCAccessExecutionRole_policy",
            "name_prefix": null,
            "path": "/Lambda/",
            "policy": "{\"Statement\":[{\"Action\":[\"logs:PutLogEvents\",\"logs:CreateLogStream\",\"logs:CreateLogGroup\",\"ec2:UnassignPrivateIpAddresses\",\"ec2:DescribeNetworkInterfaces\",\"ec2:DeleteNetworkInterface\",\"ec2:CreateNetworkInterface\",\"ec2:AssignPrivateIpAddresses\"],\"Effect\":\"Allow\",\"Resource\":\"*\",\"Sid\":\"\"}],\"Version\":\"2012-10-17\"}",
            "policy_id": "ANPAWVZFNMCZBS44LMKQ5",
            "tags": {},
            "tags_all": {}
          },
          "sensitive_attributes": [],
          "private": "bnVsbA==",
          "dependencies": [
            "module.lambda_iam_role.data.aws_iam_policy_document.AWSLambdaVPCAccessExecutionRole"
          ]
        }
      ]
    },
    {
      "module": "module.lambda_iam_role",
      "mode": "managed",
      "type": "aws_iam_role",
      "name": "lambda_role",
      "provider": "provider[\"registry.terraform.io/hashicorp/aws\"]",
      "instances": [
        {
          "schema_version": 0,
          "attributes": {
            "arn": "arn:aws:iam::459103101106:role/lambda-role",
            "assume_role_policy": "{\"Statement\":[{\"Action\":\"sts:AssumeRole\",\"Effect\":\"Allow\",\"Principal\":{\"Service\":\"lambda.amazonaws.com\"},\"Sid\":\"\"}],\"Version\":\"2012-10-17\"}",
            "create_date": "2023-04-02T08:55:37Z",
            "description": "",
            "force_detach_policies": false,
            "id": "lambda-role",
            "inline_policy": [],
            "managed_policy_arns": [
              "arn:aws:iam::459103101106:policy/Lambda/AWSLambdaBasicExecutionRole_policy",
              "arn:aws:iam::459103101106:policy/Lambda/AWSLambdaSQSQueueExecutionRole_policy",
              "arn:aws:iam::459103101106:policy/Lambda/AWSLambdaVPCAccessExecutionRole_policy"
            ],
            "max_session_duration": 3600,
            "name": "lambda-role",
            "name_prefix": "",
            "path": "/",
            "permissions_boundary": null,
            "tags": {
              "Project_Name": "Data-preparation-pipeline"
            },
            "tags_all": {
              "Project_Name": "Data-preparation-pipeline"
            },
            "unique_id": "AROAWVZFNMCZC5MFT2665"
          },
          "sensitive_attributes": [],
          "private": "bnVsbA==",
          "dependencies": [
            "module.lambda_iam_role.data.aws_iam_policy_document.AWSLambdaTrustPolicy"
          ]
        }
      ]
    },
    {
      "module": "module.lambda_iam_role",
      "mode": "managed",
      "type": "aws_iam_role_policy_attachment",
      "name": "AWSLambdaBasicExecutionRole",
      "provider": "provider[\"registry.terraform.io/hashicorp/aws\"]",
      "instances": [
        {
          "schema_version": 0,
          "attributes": {
            "id": "lambda-role-20230402085539077400000004",
            "policy_arn": "arn:aws:iam::459103101106:policy/Lambda/AWSLambdaBasicExecutionRole_policy",
            "role": "lambda-role"
          },
          "sensitive_attributes": [],
          "private": "bnVsbA==",
          "dependencies": [
            "module.lambda_iam_role.aws_iam_policy.AWSLambdaBasicExecutionRole",
            "module.lambda_iam_role.aws_iam_role.lambda_role",
            "module.lambda_iam_role.data.aws_iam_policy_document.AWSLambdaBasicExecutionRole",
            "module.lambda_iam_role.data.aws_iam_policy_document.AWSLambdaTrustPolicy"
          ]
        }
      ]
    },
    {
      "module": "module.lambda_iam_role",
      "mode": "managed",
      "type": "aws_iam_role_policy_attachment",
      "name": "AWSLambdaSQSQueueExecutionRole",
      "provider": "provider[\"registry.terraform.io/hashicorp/aws\"]",
      "instances": [
        {
          "schema_version": 0,
          "attributes": {
            "id": "lambda-role-20230402085539077400000003",
            "policy_arn": "arn:aws:iam::459103101106:policy/Lambda/AWSLambdaSQSQueueExecutionRole_policy",
            "role": "lambda-role"
          },
          "sensitive_attributes": [],
          "private": "bnVsbA==",
          "dependencies": [
            "module.lambda_iam_role.aws_iam_policy.AWSLambdaSQSQueueExecutionRole",
            "module.lambda_iam_role.aws_iam_role.lambda_role",
            "module.lambda_iam_role.data.aws_iam_policy_document.AWSLambdaSQSQueueExecutionRole",
            "module.lambda_iam_role.data.aws_iam_policy_document.AWSLambdaTrustPolicy"
          ]
        }
      ]
    },
    {
      "module": "module.lambda_iam_role",
      "mode": "managed",
      "type": "aws_iam_role_policy_attachment",
      "name": "AWSLambdaVPCAccessExecutionRole",
      "provider": "provider[\"registry.terraform.io/hashicorp/aws\"]",
      "instances": [
        {
          "schema_version": 0,
          "attributes": {
            "id": "lambda-role-20230402085539076000000002",
            "policy_arn": "arn:aws:iam::459103101106:policy/Lambda/AWSLambdaVPCAccessExecutionRole_policy",
            "role": "lambda-role"
          },
          "sensitive_attributes": [],
          "private": "bnVsbA==",
          "dependencies": [
            "module.lambda_iam_role.aws_iam_policy.AWSLambdaVPCAccessExecutionRole",
            "module.lambda_iam_role.aws_iam_role.lambda_role",
            "module.lambda_iam_role.data.aws_iam_policy_document.AWSLambdaTrustPolicy",
            "module.lambda_iam_role.data.aws_iam_policy_document.AWSLambdaVPCAccessExecutionRole"
          ]
        }
      ]
    },
    {
      "module": "module.rds",
      "mode": "managed",
      "type": "aws_db_instance",
      "name": "data_store",
      "provider": "provider[\"registry.terraform.io/hashicorp/aws\"]",
      "instances": [
        {
          "schema_version": 1,
          "attributes": {
            "address": "terraform-20230402085536682900000001.cz9iamvdbbik.ap-southeast-2.rds.amazonaws.com",
            "allocated_storage": 10,
            "allow_major_version_upgrade": null,
            "apply_immediately": true,
            "arn": "arn:aws:rds:ap-southeast-2:459103101106:db:terraform-20230402085536682900000001",
            "auto_minor_version_upgrade": true,
            "availability_zone": "ap-southeast-2c",
            "backup_retention_period": 0,
            "backup_window": "12:20-12:50",
            "blue_green_update": [],
            "ca_cert_identifier": "rds-ca-2019",
            "character_set_name": "",
            "copy_tags_to_snapshot": false,
            "custom_iam_instance_profile": "",
            "customer_owned_ip_enabled": false,
            "db_name": "data_store",
            "db_subnet_group_name": "default",
            "delete_automated_backups": true,
            "deletion_protection": false,
            "domain": "",
            "domain_iam_role_name": "",
            "enabled_cloudwatch_logs_exports": [],
            "endpoint": "terraform-20230402085536682900000001.cz9iamvdbbik.ap-southeast-2.rds.amazonaws.com:5432",
            "engine": "postgres",
            "engine_version": "15",
            "engine_version_actual": "15.2",
            "final_snapshot_identifier": null,
            "hosted_zone_id": "Z32T0VRHXEXS0V",
            "iam_database_authentication_enabled": false,
            "id": "terraform-20230402085536682900000001",
            "identifier": "terraform-20230402085536682900000001",
            "identifier_prefix": "terraform-",
            "instance_class": "db.t3.micro",
            "iops": 0,
            "kms_key_id": "",
            "latest_restorable_time": "",
            "license_model": "postgresql-license",
            "listener_endpoint": [],
            "maintenance_window": "sun:16:09-sun:16:39",
            "max_allocated_storage": 20,
            "monitoring_interval": 0,
            "monitoring_role_arn": "",
            "multi_az": false,
            "name": "data_store",
            "nchar_character_set_name": "",
            "network_type": "IPV4",
            "option_group_name": "default:postgres-15",
            "parameter_group_name": "default.postgres15",
            "password": "12345678",
            "performance_insights_enabled": false,
            "performance_insights_kms_key_id": "",
            "performance_insights_retention_period": 0,
            "port": 5432,
            "publicly_accessible": false,
            "replica_mode": "",
            "replicas": [],
            "replicate_source_db": "",
            "resource_id": "db-E6OIAYTESTUGXV4UIHZPT2O4FI",
            "restore_to_point_in_time": [],
            "s3_import": [],
            "security_group_names": [],
            "skip_final_snapshot": true,
            "snapshot_identifier": null,
            "status": "available",
            "storage_encrypted": false,
            "storage_throughput": 0,
            "storage_type": "gp2",
            "tags": {},
            "tags_all": {},
            "timeouts": null,
            "timezone": "",
            "username": "gundalai",
            "vpc_security_group_ids": [
              "sg-0d9b5e93485a658c6"
            ]
          },
          "sensitive_attributes": [],
          "private": "eyJlMmJmYjczMC1lY2FhLTExZTYtOGY4OC0zNDM2M2JjN2M0YzAiOnsiY3JlYXRlIjoyNDAwMDAwMDAwMDAwLCJkZWxldGUiOjM2MDAwMDAwMDAwMDAsInVwZGF0ZSI6NDgwMDAwMDAwMDAwMH0sInNjaGVtYV92ZXJzaW9uIjoiMSJ9"
        }
      ]
    },
    {
      "module": "module.s3_artifacts_bucket",
      "mode": "data",
      "type": "aws_iam_policy_document",
      "name": "bucket_policy_doc_codepipeline_bucket",
      "provider": "provider[\"registry.terraform.io/hashicorp/aws\"]",
      "instances": [
        {
          "schema_version": 0,
          "attributes": {
            "id": "2033638739",
            "json": "{\n  \"Version\": \"2012-10-17\",\n  \"Statement\": [\n    {\n      \"Sid\": \"\",\n      \"Effect\": \"Allow\",\n      \"Action\": [\n        \"s3:RestoreObject\",\n        \"s3:ReplicateObject\",\n        \"s3:PutObjectVersionTagging\",\n        \"s3:PutObjectTagging\",\n        \"s3:PutObjectAcl\",\n        \"s3:PutObject\",\n        \"s3:List*\",\n        \"s3:Get*\"\n      ],\n      \"Resource\": [\n        \"arn:aws:s3:::data-preparation-pipeline20230402080305344300000003/*\",\n        \"arn:aws:s3:::data-preparation-pipeline20230402080305344300000003\"\n      ],\n      \"Principal\": {\n        \"AWS\": \"arn:aws:iam::459103101106:role/codepipeline-role\"\n      }\n    }\n  ]\n}",
            "override_json": null,
            "override_policy_documents": null,
            "policy_id": null,
            "source_json": null,
            "source_policy_documents": null,
            "statement": [
              {
                "actions": [
                  "s3:Get*",
                  "s3:List*",
                  "s3:PutObject",
                  "s3:PutObjectAcl",
                  "s3:PutObjectTagging",
                  "s3:PutObjectVersionTagging",
                  "s3:ReplicateObject",
                  "s3:RestoreObject"
                ],
                "condition": [],
                "effect": "Allow",
                "not_actions": [],
                "not_principals": [],
                "not_resources": [],
                "principals": [
                  {
                    "identifiers": [
                      "arn:aws:iam::459103101106:role/codepipeline-role"
                    ],
                    "type": "AWS"
                  }
                ],
                "resources": [
                  "arn:aws:s3:::data-preparation-pipeline20230402080305344300000003",
                  "arn:aws:s3:::data-preparation-pipeline20230402080305344300000003/*"
                ],
                "sid": ""
              }
            ],
            "version": "2012-10-17"
          },
          "sensitive_attributes": []
        }
      ]
    },
    {
      "module": "module.s3_artifacts_bucket",
      "mode": "data",
      "type": "aws_iam_policy_document",
      "name": "bucket_policy_doc_replication_bucket",
      "provider": "module.s3_artifacts_bucket.provider[\"registry.terraform.io/hashicorp/aws\"].replication",
      "instances": [
        {
          "schema_version": 0,
          "attributes": {
            "id": "70454740",
            "json": "{\n  \"Version\": \"2012-10-17\",\n  \"Statement\": [\n    {\n      \"Sid\": \"\",\n      \"Effect\": \"Allow\",\n      \"Action\": [\n        \"s3:RestoreObject\",\n        \"s3:ReplicateObject\",\n        \"s3:PutObjectVersionTagging\",\n        \"s3:PutObjectTagging\",\n        \"s3:PutObjectAcl\",\n        \"s3:PutObject\",\n        \"s3:List*\",\n        \"s3:Get*\"\n      ],\n      \"Resource\": [\n        \"arn:aws:s3:::data-preparation-pipeline-rpl20230402080306468400000001/*\",\n        \"arn:aws:s3:::data-preparation-pipeline-rpl20230402080306468400000001\"\n      ],\n      \"Principal\": {\n        \"AWS\": \"arn:aws:iam::459103101106:role/codepipeline-role\"\n      }\n    }\n  ]\n}",
            "override_json": null,
            "override_policy_documents": null,
            "policy_id": null,
            "source_json": null,
            "source_policy_documents": null,
            "statement": [
              {
                "actions": [
                  "s3:Get*",
                  "s3:List*",
                  "s3:PutObject",
                  "s3:PutObjectAcl",
                  "s3:PutObjectTagging",
                  "s3:PutObjectVersionTagging",
                  "s3:ReplicateObject",
                  "s3:RestoreObject"
                ],
                "condition": [],
                "effect": "Allow",
                "not_actions": [],
                "not_principals": [],
                "not_resources": [],
                "principals": [
                  {
                    "identifiers": [
                      "arn:aws:iam::459103101106:role/codepipeline-role"
                    ],
                    "type": "AWS"
                  }
                ],
                "resources": [
                  "arn:aws:s3:::data-preparation-pipeline-rpl20230402080306468400000001",
                  "arn:aws:s3:::data-preparation-pipeline-rpl20230402080306468400000001/*"
                ],
                "sid": ""
              }
            ],
            "version": "2012-10-17"
          },
          "sensitive_attributes": []
        }
      ]
    },
    {
      "module": "module.s3_artifacts_bucket",
      "mode": "managed",
      "type": "aws_iam_policy",
      "name": "replication_s3_policy",
      "provider": "provider[\"registry.terraform.io/hashicorp/aws\"]",
      "instances": [
        {
          "schema_version": 0,
          "attributes": {
            "arn": "arn:aws:iam::459103101106:policy/replication_s3/Replication-policy",
            "description": "",
            "id": "arn:aws:iam::459103101106:policy/replication_s3/Replication-policy",
            "name": "Replication-policy",
            "name_prefix": null,
            "path": "/replication_s3/",
            "policy": "{\"Statement\":[{\"Action\":[\"s3:GetReplicationConfiguration\",\"s3:ListBucket\"],\"Effect\":\"Allow\",\"Resource\":[\"arn:aws:s3:::data-preparation-pipeline20230402080305344300000003\"]},{\"Action\":[\"s3:GetObjectVersionForReplication\",\"s3:GetObjectVersionAcl\",\"s3:GetObjectVersionTagging\"],\"Effect\":\"Allow\",\"Resource\":[\"arn:aws:s3:::data-preparation-pipeline20230402080305344300000003/*\"]},{\"Action\":[\"s3:ReplicateObject\",\"s3:ReplicateDelete\",\"s3:ReplicateTags\"],\"Effect\":\"Allow\",\"Resource\":\"arn:aws:s3:::data-preparation-pipeline-rpl20230402080306468400000001/*\"}],\"Version\":\"2012-10-17\"}",
            "policy_id": "ANPAWVZFNMCZHO4LSFQNA",
            "tags": {},
            "tags_all": {}
          },
          "sensitive_attributes": [],
          "private": "bnVsbA==",
          "dependencies": [
            "data.aws_caller_identity.current",
            "data.aws_region.current",
            "module.s3_artifacts_bucket.aws_s3_bucket.codepipeline_bucket",
            "module.s3_artifacts_bucket.aws_s3_bucket.replication_bucket"
          ]
        }
      ]
    },
    {
      "module": "module.s3_artifacts_bucket",
      "mode": "managed",
      "type": "aws_iam_role",
      "name": "replication_s3_role",
      "provider": "provider[\"registry.terraform.io/hashicorp/aws\"]",
      "instances": [
        {
          "schema_version": 0,
          "attributes": {
            "arn": "arn:aws:iam::459103101106:role/Data-preparation-pipeline-replication-role",
            "assume_role_policy": "{\"Statement\":[{\"Action\":\"sts:AssumeRole\",\"Effect\":\"Allow\",\"Principal\":{\"Service\":\"s3.amazonaws.com\"},\"Sid\":\"\"}],\"Version\":\"2012-10-17\"}",
            "create_date": "2023-04-02T08:55:37Z",
            "description": "",
            "force_detach_policies": false,
            "id": "Data-preparation-pipeline-replication-role",
            "inline_policy": [],
            "managed_policy_arns": [
              "arn:aws:iam::459103101106:policy/replication_s3/Replication-policy"
            ],
            "max_session_duration": 3600,
            "name": "Data-preparation-pipeline-replication-role",
            "name_prefix": "",
            "path": "/",
            "permissions_boundary": null,
            "tags": {},
            "tags_all": {},
            "unique_id": "AROAWVZFNMCZAQUITWV5D"
          },
          "sensitive_attributes": [],
          "private": "bnVsbA=="
        }
      ]
    },
    {
      "module": "module.s3_artifacts_bucket",
      "mode": "managed",
      "type": "aws_iam_role_policy_attachment",
      "name": "replication_s3_role_attach",
      "provider": "provider[\"registry.terraform.io/hashicorp/aws\"]",
      "instances": [
        {
          "schema_version": 0,
          "attributes": {
            "id": "Data-preparation-pipeline-replication-role-20230402094255455900000001",
            "policy_arn": "arn:aws:iam::459103101106:policy/replication_s3/Replication-policy",
            "role": "Data-preparation-pipeline-replication-role"
          },
          "sensitive_attributes": [],
          "private": "bnVsbA==",
          "dependencies": [
            "data.aws_caller_identity.current",
            "data.aws_region.current",
            "module.s3_artifacts_bucket.aws_iam_policy.replication_s3_policy",
            "module.s3_artifacts_bucket.aws_iam_role.replication_s3_role",
            "module.s3_artifacts_bucket.aws_s3_bucket.codepipeline_bucket",
            "module.s3_artifacts_bucket.aws_s3_bucket.replication_bucket"
          ]
        }
      ]
    },
    {
      "module": "module.s3_artifacts_bucket",
      "mode": "managed",
      "type": "aws_s3_bucket",
      "name": "codepipeline_bucket",
      "provider": "provider[\"registry.terraform.io/hashicorp/aws\"]",
      "instances": [
        {
          "schema_version": 0,
          "attributes": {
            "acceleration_status": "",
            "acl": null,
            "arn": "arn:aws:s3:::data-preparation-pipeline20230402080305344300000003",
            "bucket": "data-preparation-pipeline20230402080305344300000003",
            "bucket_domain_name": "data-preparation-pipeline20230402080305344300000003.s3.amazonaws.com",
            "bucket_prefix": "data-preparation-pipeline",
            "bucket_regional_domain_name": "data-preparation-pipeline20230402080305344300000003.s3.ap-southeast-2.amazonaws.com",
            "cors_rule": [],
            "force_destroy": true,
            "grant": [
              {
                "id": "232dc341db5a625e2049bf6bd841cbc68a049dc2d9b3fbf82bdbee937be1ddf0",
                "permissions": [
                  "FULL_CONTROL"
                ],
                "type": "CanonicalUser",
                "uri": ""
              }
            ],
            "hosted_zone_id": "Z1WCIGYICN2BYD",
            "id": "data-preparation-pipeline20230402080305344300000003",
            "lifecycle_rule": [],
            "logging": [
              {
                "target_bucket": "data-preparation-pipeline20230402080305344300000003",
                "target_prefix": "log/"
              }
            ],
            "object_lock_configuration": [],
            "object_lock_enabled": false,
            "policy": "{\"Statement\":[{\"Action\":[\"s3:RestoreObject\",\"s3:ReplicateObject\",\"s3:PutObjectVersionTagging\",\"s3:PutObjectTagging\",\"s3:PutObjectAcl\",\"s3:PutObject\",\"s3:List*\",\"s3:Get*\"],\"Effect\":\"Allow\",\"Principal\":{\"AWS\":\"arn:aws:iam::459103101106:role/codepipeline-role\"},\"Resource\":[\"arn:aws:s3:::data-preparation-pipeline20230402080305344300000003/*\",\"arn:aws:s3:::data-preparation-pipeline20230402080305344300000003\"],\"Sid\":\"\"}],\"Version\":\"2012-10-17\"}",
            "region": "ap-southeast-2",
            "replication_configuration": [
              {
                "role": "arn:aws:iam::459103101106:role/Data-preparation-pipeline-replication-role",
                "rules": [
                  {
                    "delete_marker_replication_status": "Enabled",
                    "destination": [
                      {
                        "access_control_translation": [],
                        "account_id": "",
                        "bucket": "arn:aws:s3:::data-preparation-pipeline-rpl20230402080306468400000001",
                        "metrics": [],
                        "replica_kms_key_id": "",
                        "replication_time": [],
                        "storage_class": "STANDARD"
                      }
                    ],
                    "filter": [
                      {
                        "prefix": null,
                        "tags": null
                      }
                    ],
                    "id": "Data-preparation-pipeline-replication-rule",
                    "prefix": "",
                    "priority": 0,
                    "source_selection_criteria": [],
                    "status": "Enabled"
                  }
                ]
              }
            ],
            "request_payer": "BucketOwner",
            "server_side_encryption_configuration": [
              {
                "rule": [
                  {
                    "apply_server_side_encryption_by_default": [
                      {
                        "kms_master_key_id": "arn:aws:kms:ap-southeast-2:459103101106:key/e67e8422-cc64-451f-92d4-2e4bed6408ce",
                        "sse_algorithm": "aws:kms"
                      }
                    ],
                    "bucket_key_enabled": false
                  }
                ]
              }
            ],
            "tags": {
              "Account_ID": "459103101106",
              "Environment": "dev",
              "Project_Name": "Data-preparation-pipeline",
              "Region": "ap-southeast-2"
            },
            "tags_all": {
              "Account_ID": "459103101106",
              "Environment": "dev",
              "Project_Name": "Data-preparation-pipeline",
              "Region": "ap-southeast-2"
            },
            "timeouts": null,
            "versioning": [
              {
                "enabled": true,
                "mfa_delete": false
              }
            ],
            "website": [],
            "website_domain": null,
            "website_endpoint": null
          },
          "sensitive_attributes": [],
          "private": "eyJlMmJmYjczMC1lY2FhLTExZTYtOGY4OC0zNDM2M2JjN2M0YzAiOnsiY3JlYXRlIjoxMjAwMDAwMDAwMDAwLCJkZWxldGUiOjM2MDAwMDAwMDAwMDAsInJlYWQiOjEyMDAwMDAwMDAwMDAsInVwZGF0ZSI6MTIwMDAwMDAwMDAwMH19",
          "dependencies": [
            "data.aws_caller_identity.current",
            "data.aws_region.current"
          ]
        }
      ]
    },
    {
      "module": "module.s3_artifacts_bucket",
      "mode": "managed",
      "type": "aws_s3_bucket",
      "name": "replication_bucket",
      "provider": "module.s3_artifacts_bucket.provider[\"registry.terraform.io/hashicorp/aws\"].replication",
      "instances": [
        {
          "schema_version": 0,
          "attributes": {
            "acceleration_status": "",
            "acl": null,
            "arn": "arn:aws:s3:::data-preparation-pipeline-rpl20230402080306468400000001",
            "bucket": "data-preparation-pipeline-rpl20230402080306468400000001",
            "bucket_domain_name": "data-preparation-pipeline-rpl20230402080306468400000001.s3.amazonaws.com",
            "bucket_prefix": "data-preparation-pipeline-rpl",
            "bucket_regional_domain_name": "data-preparation-pipeline-rpl20230402080306468400000001.s3.ap-southeast-2.amazonaws.com",
            "cors_rule": [],
            "force_destroy": false,
            "grant": [
              {
                "id": "232dc341db5a625e2049bf6bd841cbc68a049dc2d9b3fbf82bdbee937be1ddf0",
                "permissions": [
                  "FULL_CONTROL"
                ],
                "type": "CanonicalUser",
                "uri": ""
              }
            ],
            "hosted_zone_id": "Z1WCIGYICN2BYD",
            "id": "data-preparation-pipeline-rpl20230402080306468400000001",
            "lifecycle_rule": [],
            "logging": [
              {
                "target_bucket": "data-preparation-pipeline-rpl20230402080306468400000001",
                "target_prefix": "log/"
              }
            ],
            "object_lock_configuration": [],
            "object_lock_enabled": false,
            "policy": "{\"Statement\":[{\"Action\":[\"s3:RestoreObject\",\"s3:ReplicateObject\",\"s3:PutObjectVersionTagging\",\"s3:PutObjectTagging\",\"s3:PutObjectAcl\",\"s3:PutObject\",\"s3:List*\",\"s3:Get*\"],\"Effect\":\"Allow\",\"Principal\":{\"AWS\":\"arn:aws:iam::459103101106:role/codepipeline-role\"},\"Resource\":[\"arn:aws:s3:::data-preparation-pipeline-rpl20230402080306468400000001/*\",\"arn:aws:s3:::data-preparation-pipeline-rpl20230402080306468400000001\"],\"Sid\":\"\"}],\"Version\":\"2012-10-17\"}",
            "region": "ap-southeast-2",
            "replication_configuration": [],
            "request_payer": "BucketOwner",
            "server_side_encryption_configuration": [
              {
                "rule": [
                  {
                    "apply_server_side_encryption_by_default": [
                      {
                        "kms_master_key_id": "arn:aws:kms:ap-southeast-2:459103101106:key/e67e8422-cc64-451f-92d4-2e4bed6408ce",
                        "sse_algorithm": "aws:kms"
                      }
                    ],
                    "bucket_key_enabled": false
                  }
                ]
              }
            ],
            "tags": {},
            "tags_all": {},
            "timeouts": null,
            "versioning": [
              {
                "enabled": true,
                "mfa_delete": false
              }
            ],
            "website": [],
            "website_domain": null,
            "website_endpoint": null
          },
          "sensitive_attributes": [],
          "private": "eyJlMmJmYjczMC1lY2FhLTExZTYtOGY4OC0zNDM2M2JjN2M0YzAiOnsiY3JlYXRlIjoxMjAwMDAwMDAwMDAwLCJkZWxldGUiOjM2MDAwMDAwMDAwMDAsInJlYWQiOjEyMDAwMDAwMDAwMDAsInVwZGF0ZSI6MTIwMDAwMDAwMDAwMH19"
        }
      ]
    },
    {
      "module": "module.s3_artifacts_bucket",
      "mode": "managed",
      "type": "aws_s3_bucket_acl",
      "name": "codepipeline_bucket_acl",
      "provider": "provider[\"registry.terraform.io/hashicorp/aws\"]",
      "instances": [
        {
          "schema_version": 0,
          "attributes": {
            "access_control_policy": [
              {
                "grant": [
                  {
                    "grantee": [
                      {
                        "display_name": "aws.anuintern3",
                        "email_address": "",
                        "id": "232dc341db5a625e2049bf6bd841cbc68a049dc2d9b3fbf82bdbee937be1ddf0",
                        "type": "CanonicalUser",
                        "uri": ""
                      }
                    ],
                    "permission": "FULL_CONTROL"
                  }
                ],
                "owner": [
                  {
                    "display_name": "aws.anuintern3",
                    "id": "232dc341db5a625e2049bf6bd841cbc68a049dc2d9b3fbf82bdbee937be1ddf0"
                  }
                ]
              }
            ],
            "acl": "private",
            "bucket": "data-preparation-pipeline20230402080305344300000003",
            "expected_bucket_owner": "",
            "id": "data-preparation-pipeline20230402080305344300000003,private"
          },
          "sensitive_attributes": [],
          "private": "bnVsbA==",
          "dependencies": [
            "data.aws_caller_identity.current",
            "data.aws_region.current",
            "module.s3_artifacts_bucket.aws_s3_bucket.codepipeline_bucket"
          ]
        }
      ]
    },
    {
      "module": "module.s3_artifacts_bucket",
      "mode": "managed",
      "type": "aws_s3_bucket_acl",
      "name": "replication_bucket_acl",
      "provider": "module.s3_artifacts_bucket.provider[\"registry.terraform.io/hashicorp/aws\"].replication",
      "instances": [
        {
          "schema_version": 0,
          "attributes": {
            "access_control_policy": [
              {
                "grant": [
                  {
                    "grantee": [
                      {
                        "display_name": "aws.anuintern3",
                        "email_address": "",
                        "id": "232dc341db5a625e2049bf6bd841cbc68a049dc2d9b3fbf82bdbee937be1ddf0",
                        "type": "CanonicalUser",
                        "uri": ""
                      }
                    ],
                    "permission": "FULL_CONTROL"
                  }
                ],
                "owner": [
                  {
                    "display_name": "aws.anuintern3",
                    "id": "232dc341db5a625e2049bf6bd841cbc68a049dc2d9b3fbf82bdbee937be1ddf0"
                  }
                ]
              }
            ],
            "acl": "private",
            "bucket": "data-preparation-pipeline-rpl20230402080306468400000001",
            "expected_bucket_owner": "",
            "id": "data-preparation-pipeline-rpl20230402080306468400000001,private"
          },
          "sensitive_attributes": [],
          "private": "bnVsbA==",
          "dependencies": [
            "module.s3_artifacts_bucket.aws_s3_bucket.replication_bucket"
          ]
        }
      ]
    },
    {
      "module": "module.s3_artifacts_bucket",
      "mode": "managed",
      "type": "aws_s3_bucket_logging",
      "name": "codepipeline_bucket_logging",
      "provider": "provider[\"registry.terraform.io/hashicorp/aws\"]",
      "instances": [
        {
          "schema_version": 0,
          "attributes": {
            "bucket": "data-preparation-pipeline20230402080305344300000003",
            "expected_bucket_owner": "",
            "id": "data-preparation-pipeline20230402080305344300000003",
            "target_bucket": "data-preparation-pipeline20230402080305344300000003",
            "target_grant": [],
            "target_prefix": "log/"
          },
          "sensitive_attributes": [],
          "private": "bnVsbA==",
          "dependencies": [
            "data.aws_caller_identity.current",
            "data.aws_region.current",
            "module.s3_artifacts_bucket.aws_s3_bucket.codepipeline_bucket"
          ]
        }
      ]
    },
    {
      "module": "module.s3_artifacts_bucket",
      "mode": "managed",
      "type": "aws_s3_bucket_logging",
      "name": "replication_bucket_logging",
      "provider": "module.s3_artifacts_bucket.provider[\"registry.terraform.io/hashicorp/aws\"].replication",
      "instances": [
        {
          "schema_version": 0,
          "attributes": {
            "bucket": "data-preparation-pipeline-rpl20230402080306468400000001",
            "expected_bucket_owner": "",
            "id": "data-preparation-pipeline-rpl20230402080306468400000001",
            "target_bucket": "data-preparation-pipeline-rpl20230402080306468400000001",
            "target_grant": [],
            "target_prefix": "log/"
          },
          "sensitive_attributes": [],
          "private": "bnVsbA==",
          "dependencies": [
            "module.s3_artifacts_bucket.aws_s3_bucket.replication_bucket"
          ]
        }
      ]
    },
    {
      "module": "module.s3_artifacts_bucket",
      "mode": "managed",
      "type": "aws_s3_bucket_policy",
      "name": "bucket_policy_codepipeline_bucket",
      "provider": "provider[\"registry.terraform.io/hashicorp/aws\"]",
      "instances": [
        {
          "schema_version": 0,
          "attributes": {
            "bucket": "data-preparation-pipeline20230402080305344300000003",
            "id": "data-preparation-pipeline20230402080305344300000003",
            "policy": "{\"Statement\":[{\"Action\":[\"s3:RestoreObject\",\"s3:ReplicateObject\",\"s3:PutObjectVersionTagging\",\"s3:PutObjectTagging\",\"s3:PutObjectAcl\",\"s3:PutObject\",\"s3:List*\",\"s3:Get*\"],\"Effect\":\"Allow\",\"Principal\":{\"AWS\":\"arn:aws:iam::459103101106:role/codepipeline-role\"},\"Resource\":[\"arn:aws:s3:::data-preparation-pipeline20230402080305344300000003/*\",\"arn:aws:s3:::data-preparation-pipeline20230402080305344300000003\"],\"Sid\":\"\"}],\"Version\":\"2012-10-17\"}"
          },
          "sensitive_attributes": [],
          "private": "bnVsbA==",
          "dependencies": [
            "data.aws_caller_identity.current",
            "data.aws_region.current",
            "module.codepipeline_iam_role.aws_iam_role.codepipeline_role",
            "module.s3_artifacts_bucket.aws_s3_bucket.codepipeline_bucket",
            "module.s3_artifacts_bucket.data.aws_iam_policy_document.bucket_policy_doc_codepipeline_bucket"
          ]
        }
      ]
    },
    {
      "module": "module.s3_artifacts_bucket",
      "mode": "managed",
      "type": "aws_s3_bucket_policy",
      "name": "bucket_policy_replication_bucket",
      "provider": "module.s3_artifacts_bucket.provider[\"registry.terraform.io/hashicorp/aws\"].replication",
      "instances": [
        {
          "schema_version": 0,
          "attributes": {
            "bucket": "data-preparation-pipeline-rpl20230402080306468400000001",
            "id": "data-preparation-pipeline-rpl20230402080306468400000001",
            "policy": "{\"Statement\":[{\"Action\":[\"s3:RestoreObject\",\"s3:ReplicateObject\",\"s3:PutObjectVersionTagging\",\"s3:PutObjectTagging\",\"s3:PutObjectAcl\",\"s3:PutObject\",\"s3:List*\",\"s3:Get*\"],\"Effect\":\"Allow\",\"Principal\":{\"AWS\":\"arn:aws:iam::459103101106:role/codepipeline-role\"},\"Resource\":[\"arn:aws:s3:::data-preparation-pipeline-rpl20230402080306468400000001/*\",\"arn:aws:s3:::data-preparation-pipeline-rpl20230402080306468400000001\"],\"Sid\":\"\"}],\"Version\":\"2012-10-17\"}"
          },
          "sensitive_attributes": [],
          "private": "bnVsbA==",
          "dependencies": [
            "data.aws_caller_identity.current",
            "data.aws_region.current",
            "module.codepipeline_iam_role.aws_iam_role.codepipeline_role",
            "module.s3_artifacts_bucket.aws_s3_bucket.replication_bucket",
            "module.s3_artifacts_bucket.data.aws_iam_policy_document.bucket_policy_doc_replication_bucket"
          ]
        }
      ]
    },
    {
      "module": "module.s3_artifacts_bucket",
      "mode": "managed",
      "type": "aws_s3_bucket_public_access_block",
      "name": "codepipeline_bucket_access",
      "provider": "provider[\"registry.terraform.io/hashicorp/aws\"]",
      "instances": [
        {
          "schema_version": 0,
          "attributes": {
            "block_public_acls": true,
            "block_public_policy": true,
            "bucket": "data-preparation-pipeline20230402080305344300000003",
            "id": "data-preparation-pipeline20230402080305344300000003",
            "ignore_public_acls": true,
            "restrict_public_buckets": true
          },
          "sensitive_attributes": [],
          "private": "bnVsbA==",
          "dependencies": [
            "data.aws_caller_identity.current",
            "data.aws_region.current",
            "module.s3_artifacts_bucket.aws_s3_bucket.codepipeline_bucket"
          ]
        }
      ]
    },
    {
      "module": "module.s3_artifacts_bucket",
      "mode": "managed",
      "type": "aws_s3_bucket_public_access_block",
      "name": "replication_bucket_access",
      "provider": "module.s3_artifacts_bucket.provider[\"registry.terraform.io/hashicorp/aws\"].replication",
      "instances": [
        {
          "schema_version": 0,
          "attributes": {
            "block_public_acls": true,
            "block_public_policy": true,
            "bucket": "data-preparation-pipeline-rpl20230402080306468400000001",
            "id": "data-preparation-pipeline-rpl20230402080306468400000001",
            "ignore_public_acls": true,
            "restrict_public_buckets": true
          },
          "sensitive_attributes": [],
          "private": "bnVsbA==",
          "dependencies": [
            "module.s3_artifacts_bucket.aws_s3_bucket.replication_bucket"
          ]
        }
      ]
    },
    {
      "module": "module.s3_artifacts_bucket",
      "mode": "managed",
      "type": "aws_s3_bucket_replication_configuration",
      "name": "replication_config",
      "provider": "provider[\"registry.terraform.io/hashicorp/aws\"]",
      "instances": [
        {
          "schema_version": 0,
          "attributes": {
            "bucket": "data-preparation-pipeline20230402080305344300000003",
            "id": "data-preparation-pipeline20230402080305344300000003",
            "role": "arn:aws:iam::459103101106:role/Data-preparation-pipeline-replication-role",
            "rule": [
              {
                "delete_marker_replication": [
                  {
                    "status": "Enabled"
                  }
                ],
                "destination": [
                  {
                    "access_control_translation": [],
                    "account": "",
                    "bucket": "arn:aws:s3:::data-preparation-pipeline-rpl20230402080306468400000001",
                    "encryption_configuration": [],
                    "metrics": [],
                    "replication_time": [],
                    "storage_class": "STANDARD"
                  }
                ],
                "existing_object_replication": [],
                "filter": [
                  {
                    "and": [],
                    "prefix": null,
                    "tag": []
                  }
                ],
                "id": "Data-preparation-pipeline-replication-rule",
                "prefix": "",
                "priority": 0,
                "source_selection_criteria": [],
                "status": "Enabled"
              }
            ],
            "token": null
          },
          "sensitive_attributes": [],
          "private": "bnVsbA==",
          "dependencies": [
            "data.aws_caller_identity.current",
            "data.aws_region.current",
            "module.s3_artifacts_bucket.aws_iam_role.replication_s3_role",
            "module.s3_artifacts_bucket.aws_s3_bucket.codepipeline_bucket",
            "module.s3_artifacts_bucket.aws_s3_bucket.replication_bucket",
            "module.s3_artifacts_bucket.aws_s3_bucket_versioning.codepipeline_bucket_versioning"
          ]
        }
      ]
    },
    {
      "module": "module.s3_artifacts_bucket",
      "mode": "managed",
      "type": "aws_s3_bucket_server_side_encryption_configuration",
      "name": "codepipeline_bucket_encryption",
      "provider": "provider[\"registry.terraform.io/hashicorp/aws\"]",
      "instances": [
        {
          "schema_version": 0,
          "attributes": {
            "bucket": "data-preparation-pipeline20230402080305344300000003",
            "expected_bucket_owner": "",
            "id": "data-preparation-pipeline20230402080305344300000003",
            "rule": [
              {
                "apply_server_side_encryption_by_default": [
                  {
                    "kms_master_key_id": "arn:aws:kms:ap-southeast-2:459103101106:key/e67e8422-cc64-451f-92d4-2e4bed6408ce",
                    "sse_algorithm": "aws:kms"
                  }
                ],
                "bucket_key_enabled": false
              }
            ]
          },
          "sensitive_attributes": [],
          "private": "bnVsbA==",
          "dependencies": [
            "data.aws_caller_identity.current",
            "data.aws_region.current",
            "module.codepipeline_iam_role.aws_iam_role.codepipeline_role",
            "module.codepipeline_kms.aws_kms_key.encryption_key",
            "module.codepipeline_kms.data.aws_caller_identity.current",
            "module.codepipeline_kms.data.aws_iam_policy_document.kms_key_policy_doc",
            "module.s3_artifacts_bucket.aws_s3_bucket.codepipeline_bucket"
          ]
        }
      ]
    },
    {
      "module": "module.s3_artifacts_bucket",
      "mode": "managed",
      "type": "aws_s3_bucket_server_side_encryption_configuration",
      "name": "replication_bucket_encryption",
      "provider": "module.s3_artifacts_bucket.provider[\"registry.terraform.io/hashicorp/aws\"].replication",
      "instances": [
        {
          "schema_version": 0,
          "attributes": {
            "bucket": "data-preparation-pipeline-rpl20230402080306468400000001",
            "expected_bucket_owner": "",
            "id": "data-preparation-pipeline-rpl20230402080306468400000001",
            "rule": [
              {
                "apply_server_side_encryption_by_default": [
                  {
                    "kms_master_key_id": "arn:aws:kms:ap-southeast-2:459103101106:key/e67e8422-cc64-451f-92d4-2e4bed6408ce",
                    "sse_algorithm": "aws:kms"
                  }
                ],
                "bucket_key_enabled": false
              }
            ]
          },
          "sensitive_attributes": [],
          "private": "bnVsbA==",
          "dependencies": [
            "data.aws_caller_identity.current",
            "data.aws_region.current",
            "module.codepipeline_iam_role.aws_iam_role.codepipeline_role",
            "module.codepipeline_kms.aws_kms_key.encryption_key",
            "module.codepipeline_kms.data.aws_caller_identity.current",
            "module.codepipeline_kms.data.aws_iam_policy_document.kms_key_policy_doc",
            "module.s3_artifacts_bucket.aws_s3_bucket.replication_bucket"
          ]
        }
      ]
    },
    {
      "module": "module.s3_artifacts_bucket",
      "mode": "managed",
      "type": "aws_s3_bucket_versioning",
      "name": "codepipeline_bucket_versioning",
      "provider": "provider[\"registry.terraform.io/hashicorp/aws\"]",
      "instances": [
        {
          "schema_version": 0,
          "attributes": {
            "bucket": "data-preparation-pipeline20230402080305344300000003",
            "expected_bucket_owner": "",
            "id": "data-preparation-pipeline20230402080305344300000003",
            "mfa": null,
            "versioning_configuration": [
              {
                "mfa_delete": "",
                "status": "Enabled"
              }
            ]
          },
          "sensitive_attributes": [],
          "private": "bnVsbA==",
          "dependencies": [
            "data.aws_caller_identity.current",
            "data.aws_region.current",
            "module.s3_artifacts_bucket.aws_s3_bucket.codepipeline_bucket"
          ]
        }
      ]
    },
    {
      "module": "module.s3_artifacts_bucket",
      "mode": "managed",
      "type": "aws_s3_bucket_versioning",
      "name": "replication_bucket_versioning",
      "provider": "module.s3_artifacts_bucket.provider[\"registry.terraform.io/hashicorp/aws\"].replication",
      "instances": [
        {
          "schema_version": 0,
          "attributes": {
            "bucket": "data-preparation-pipeline-rpl20230402080306468400000001",
            "expected_bucket_owner": "",
            "id": "data-preparation-pipeline-rpl20230402080306468400000001",
            "mfa": null,
            "versioning_configuration": [
              {
                "mfa_delete": "",
                "status": "Enabled"
              }
            ]
          },
          "sensitive_attributes": [],
          "private": "bnVsbA==",
          "dependencies": [
            "module.s3_artifacts_bucket.aws_s3_bucket.replication_bucket"
          ]
        }
      ]
    },
    {
      "module": "module.s3_raw_data",
      "mode": "data",
      "type": "aws_iam_policy_document",
      "name": "AWSS3TrustPolicy",
      "provider": "provider[\"registry.terraform.io/hashicorp/aws\"]",
      "instances": [
        {
          "schema_version": 0,
          "attributes": {
            "id": "291160912",
            "json": "{\n  \"Version\": \"2012-10-17\",\n  \"Statement\": [\n    {\n      \"Sid\": \"\",\n      \"Effect\": \"Allow\",\n      \"Action\": \"sts:AssumeRole\",\n      \"Principal\": {\n        \"Service\": \"s3.amazonaws.com\"\n      }\n    }\n  ]\n}",
            "override_json": null,
            "override_policy_documents": null,
            "policy_id": null,
            "source_json": null,
            "source_policy_documents": null,
            "statement": [
              {
                "actions": [
                  "sts:AssumeRole"
                ],
                "condition": [],
                "effect": "Allow",
                "not_actions": [],
                "not_principals": [],
                "not_resources": [],
                "principals": [
                  {
                    "identifiers": [
                      "s3.amazonaws.com"
                    ],
                    "type": "Service"
                  }
                ],
                "resources": [],
                "sid": ""
              }
            ],
            "version": "2012-10-17"
          },
          "sensitive_attributes": []
        }
      ]
    },
    {
      "module": "module.s3_raw_data",
      "mode": "managed",
      "type": "aws_iam_role",
      "name": "s3_raw_data_role",
      "provider": "provider[\"registry.terraform.io/hashicorp/aws\"]",
      "instances": [
        {
          "schema_version": 0,
          "attributes": {
            "arn": "arn:aws:iam::459103101106:role/s3_raw_data_role",
            "assume_role_policy": "{\"Statement\":[{\"Action\":\"sts:AssumeRole\",\"Effect\":\"Allow\",\"Principal\":{\"Service\":\"s3.amazonaws.com\"},\"Sid\":\"\"}],\"Version\":\"2012-10-17\"}",
            "create_date": "2023-04-02T08:55:37Z",
            "description": "",
            "force_detach_policies": false,
            "id": "s3_raw_data_role",
            "inline_policy": [],
            "managed_policy_arns": [],
            "max_session_duration": 3600,
            "name": "s3_raw_data_role",
            "name_prefix": "",
            "path": "/",
            "permissions_boundary": null,
            "tags": {},
            "tags_all": {},
            "unique_id": "AROAWVZFNMCZBRDI46ZEN"
          },
          "sensitive_attributes": [],
          "private": "bnVsbA==",
          "dependencies": [
            "module.s3_raw_data.data.aws_iam_policy_document.AWSS3TrustPolicy"
          ]
        }
      ]
    },
    {
      "module": "module.s3_raw_data",
      "mode": "managed",
      "type": "aws_lambda_permission",
      "name": "AllowExecutionFromS3Bucket",
      "provider": "provider[\"registry.terraform.io/hashicorp/aws\"]",
      "instances": [
        {
          "schema_version": 0,
          "attributes": {
            "action": "lambda:InvokeFunction",
            "event_source_token": null,
            "function_name": "Data-preparation-pipeline_lambda",
            "function_url_auth_type": null,
            "id": "AllowExecutionFromS3Bucket",
            "principal": "s3.amazonaws.com",
            "principal_org_id": null,
            "qualifier": "",
            "source_account": null,
            "source_arn": "arn:aws:s3:::terraform-20230402080305318900000001",
            "statement_id": "AllowExecutionFromS3Bucket",
            "statement_id_prefix": ""
          },
          "sensitive_attributes": [],
          "private": "bnVsbA==",
          "dependencies": [
            "module.lambda.aws_lambda_function.data_processing_lambda",
            "module.lambda_iam_role.aws_iam_role.lambda_role",
            "module.lambda_iam_role.data.aws_iam_policy_document.AWSLambdaTrustPolicy",
            "module.s3_raw_data.aws_s3_bucket.raw_data_bucket"
          ]
        }
      ]
    },
    {
      "module": "module.s3_raw_data",
      "mode": "managed",
      "type": "aws_s3_bucket",
      "name": "raw_data_bucket",
      "provider": "provider[\"registry.terraform.io/hashicorp/aws\"]",
      "instances": [
        {
          "schema_version": 0,
          "attributes": {
            "acceleration_status": "",
            "acl": null,
            "arn": "arn:aws:s3:::terraform-20230402080305318900000001",
            "bucket": "terraform-20230402080305318900000001",
            "bucket_domain_name": "terraform-20230402080305318900000001.s3.amazonaws.com",
            "bucket_prefix": null,
            "bucket_regional_domain_name": "terraform-20230402080305318900000001.s3.ap-southeast-2.amazonaws.com",
            "cors_rule": [],
            "force_destroy": false,
            "grant": [
              {
                "id": "232dc341db5a625e2049bf6bd841cbc68a049dc2d9b3fbf82bdbee937be1ddf0",
                "permissions": [
                  "FULL_CONTROL"
                ],
                "type": "CanonicalUser",
                "uri": ""
              }
            ],
            "hosted_zone_id": "Z1WCIGYICN2BYD",
            "id": "terraform-20230402080305318900000001",
            "lifecycle_rule": [],
            "logging": [],
            "object_lock_configuration": [],
            "object_lock_enabled": false,
            "policy": "",
            "region": "ap-southeast-2",
            "replication_configuration": [],
            "request_payer": "BucketOwner",
            "server_side_encryption_configuration": [
              {
                "rule": [
                  {
                    "apply_server_side_encryption_by_default": [
                      {
                        "kms_master_key_id": "",
                        "sse_algorithm": "AES256"
                      }
                    ],
                    "bucket_key_enabled": false
                  }
                ]
              }
            ],
            "tags": {},
            "tags_all": {},
            "timeouts": null,
            "versioning": [
              {
                "enabled": false,
                "mfa_delete": false
              }
            ],
            "website": [],
            "website_domain": null,
            "website_endpoint": null
          },
          "sensitive_attributes": [],
          "private": "eyJlMmJmYjczMC1lY2FhLTExZTYtOGY4OC0zNDM2M2JjN2M0YzAiOnsiY3JlYXRlIjoxMjAwMDAwMDAwMDAwLCJkZWxldGUiOjM2MDAwMDAwMDAwMDAsInJlYWQiOjEyMDAwMDAwMDAwMDAsInVwZGF0ZSI6MTIwMDAwMDAwMDAwMH19"
        }
      ]
    },
    {
      "module": "module.s3_raw_data",
      "mode": "managed",
      "type": "aws_s3_bucket_notification",
      "name": "bucket_notification",
      "provider": "provider[\"registry.terraform.io/hashicorp/aws\"]",
      "instances": [
        {
          "schema_version": 0,
          "attributes": {
            "bucket": "terraform-20230402080305318900000001",
            "eventbridge": false,
            "id": "terraform-20230402080305318900000001",
            "lambda_function": [
              {
                "events": [
                  "s3:ObjectCreated:*"
                ],
                "filter_prefix": "AWSLogs/raw_data_bucket",
                "filter_suffix": ".log",
                "id": "tf-s3-lambda-20230402102326890600000001",
                "lambda_function_arn": "arn:aws:lambda:ap-southeast-2:459103101106:function:Data-preparation-pipeline_lambda"
              }
            ],
            "queue": [],
            "topic": []
          },
          "sensitive_attributes": [],
          "private": "bnVsbA==",
          "dependencies": [
            "module.lambda.aws_lambda_function.data_processing_lambda",
            "module.lambda_iam_role.aws_iam_role.lambda_role",
            "module.lambda_iam_role.data.aws_iam_policy_document.AWSLambdaTrustPolicy",
            "module.s3_raw_data.aws_lambda_permission.AllowExecutionFromS3Bucket",
            "module.s3_raw_data.aws_s3_bucket.raw_data_bucket"
          ]
        }
      ]
    },
    {
      "module": "module.source_repo",
      "mode": "managed",
      "type": "aws_codecommit_approval_rule_template",
      "name": "source_repository_approval",
      "provider": "provider[\"registry.terraform.io/hashicorp/aws\"]",
      "instances": [
        {
          "schema_version": 0,
          "attributes": {
            "approval_rule_template_id": "9049fc1e-062d-4b06-bd36-8e42643f1502",
            "content": "{\"Version\":\"2018-11-08\",\"DestinationReferences\":[\"refs/heads/master\"],\"Statements\":[{\"Type\":\"Approvers\",\"NumberOfApprovalsNeeded\":2}]}",
            "creation_date": "2023-04-02T09:42:52Z",
            "description": "Approval rule template for enabling approval process",
            "id": "Data-preparation-pipeline-Approval-Rule",
            "last_modified_date": "2023-04-02T09:42:52Z",
            "last_modified_user": "arn:aws:iam::459103101106:user/gundalai-batkhuu",
            "name": "Data-preparation-pipeline-Approval-Rule",
            "rule_content_sha256": "b7718503ef68d31008ee9fdc5f234abe34b48ef875d1a70a6bc6171e33514a7f"
          },
          "sensitive_attributes": [],
          "private": "bnVsbA=="
        }
      ]
    },
    {
      "module": "module.source_repo",
      "mode": "managed",
      "type": "aws_codecommit_approval_rule_template_association",
      "name": "source_repository_approval_association",
      "provider": "provider[\"registry.terraform.io/hashicorp/aws\"]",
      "instances": [
        {
          "schema_version": 0,
          "attributes": {
            "approval_rule_template_name": "Data-preparation-pipeline-Approval-Rule",
            "id": "Data-preparation-pipeline-Approval-Rule,Data-preparation-pipeline",
            "repository_name": "Data-preparation-pipeline"
          },
          "sensitive_attributes": [],
          "private": "bnVsbA==",
          "dependencies": [
            "data.aws_caller_identity.current",
            "data.aws_region.current",
            "module.source_repo.aws_codecommit_approval_rule_template.source_repository_approval",
            "module.source_repo.aws_codecommit_repository.Data-preparation-pipeline"
          ]
        }
      ]
    },
    {
      "module": "module.source_repo",
      "mode": "managed",
      "type": "aws_codecommit_repository",
      "name": "Data-preparation-pipeline",
      "provider": "provider[\"registry.terraform.io/hashicorp/aws\"]",
      "instances": [
        {
          "schema_version": 0,
          "attributes": {
            "arn": "arn:aws:codecommit:ap-southeast-2:459103101106:Data-preparation-pipeline",
            "clone_url_http": "https://git-codecommit.ap-southeast-2.amazonaws.com/v1/repos/Data-preparation-pipeline",
            "clone_url_ssh": "ssh://git-codecommit.ap-southeast-2.amazonaws.com/v1/repos/Data-preparation-pipeline",
            "default_branch": "master",
            "description": "Shine Solutions internship project of Gundalai Batkhuu during the ANU Semester 1 2023. Code Repository for hosting the terraform code and pipeline configuration files",
            "id": "Data-preparation-pipeline",
            "repository_id": "1cf6f370-14a8-4567-8db8-1212e5f07c96",
            "repository_name": "Data-preparation-pipeline",
            "tags": {
              "Account_ID": "459103101106",
              "Environment": "dev",
              "Project_Name": "Data-preparation-pipeline",
              "Region": "ap-southeast-2"
            },
            "tags_all": {
              "Account_ID": "459103101106",
              "Environment": "dev",
              "Project_Name": "Data-preparation-pipeline",
              "Region": "ap-southeast-2"
            }
          },
          "sensitive_attributes": [],
          "private": "bnVsbA==",
          "dependencies": [
            "data.aws_caller_identity.current",
            "data.aws_region.current"
          ]
        }
      ]
    }
  ],
  "check_results": null
}
